PODS:
  - ChromaColorPicker (2.0.2)
  - FBSnapshotTestCase (2.1.4):
    - FBSnapshotTestCase/SwiftSupport (= 2.1.4)
  - FBSnapshotTestCase/Core (2.1.4)
  - FBSnapshotTestCase/SwiftSupport (2.1.4):
    - FBSnapshotTestCase/Core
  - HYLibrary (0.1.0):
    - HYLibrary/Basic (= 0.1.0)
    - HYLibrary/Category (= 0.1.0)
    - HYLibrary/FormProgram (= 0.1.0)
    - HYLibrary/Map (= 0.1.0)
    - HYLibrary/Router (= 0.1.0)
    - HYLibrary/UIComponent (= 0.1.0)
    - HYLibrary/Utility (= 0.1.0)
    - Masonry
    - MGJRouter
    - YYModel
  - HYLibrary/Basic (0.1.0):
    - Masonry
    - MGJRouter
    - YYModel
  - HYLibrary/Category (0.1.0):
    - Masonry
    - MGJRouter
    - YYModel
  - HYLibrary/FormProgram (0.1.0):
    - Masonry
    - MGJRouter
    - YYModel
  - HYLibrary/Map (0.1.0):
    - Masonry
    - MGJRouter
    - YYModel
  - HYLibrary/Router (0.1.0):
    - Masonry
    - MGJRouter
    - YYModel
  - HYLibrary/UIComponent (0.1.0):
    - ChromaColorPicker
    - HYLibrary/Basic
    - Masonry
    - MGJRouter
    - YYModel
  - HYLibrary/Utility (0.1.0):
    - Masonry
    - MGJRouter
    - YYModel
  - Masonry (1.1.0)
  - MGJRouter (0.0.1)
  - YYModel (1.0.4)

DEPENDENCIES:
  - FBSnapshotTestCase
  - HYLibrary (from `../`)
  - MGJRouter (from `https://github.com/hillyoung/MGJRouter.git`)
  - YYModel

SPEC REPOS:
  trunk:
    - ChromaColorPicker
    - FBSnapshotTestCase
    - Masonry
    - YYModel

EXTERNAL SOURCES:
  HYLibrary:
    :path: "../"
  MGJRouter:
    :git: https://github.com/hillyoung/MGJRouter.git

CHECKOUT OPTIONS:
  MGJRouter:
    :commit: 9feaeface7248271dd809fe128bafdaa8eee4418
    :git: https://github.com/hillyoung/MGJRouter.git

SPEC CHECKSUMS:
  ChromaColorPicker: 307585f2dc23d4d72f24cad320c1e08825cb5c09
  FBSnapshotTestCase: 094f9f314decbabe373b87cc339bea235a63e07a
  HYLibrary: eaf50abac2e0c86fede92e541fd3671006ba2b8b
  Masonry: 678fab65091a9290e40e2832a55e7ab731aad201
  MGJRouter: 271e4899bf4a1a11a677c02e5264725b14f1c896
  YYModel: 2a7fdd96aaa4b86a824e26d0c517de8928c04b30

PODFILE CHECKSUM: 520dd954794566d9c2de7212a211d50fe107c6d9

COCOAPODS: 1.16.2
