// !$*UTF8*$!
{
	archiveVersion = 1;
	classes = {
	};
	objectVersion = 46;
	objects = {

/* Begin PBXBuildFile section */
		6F7D970E1EE8060500342788 /* config_SangForVPN in Resources */ = {isa = PBXBuildFile; fileRef = 6F7D970D1EE8060500342788 /* config_SangForVPN */; };
		6FA52EC71DCDCB4F0094D18E /* libiconv.tbd in Frameworks */ = {isa = PBXBuildFile; fileRef = 6FA52EC61DCDCB4F0094D18E /* libiconv.tbd */; };
		6FA52EC91DCDCB6A0094D18E /* SystemConfiguration.framework in Frameworks */ = {isa = PBXBuildFile; fileRef = 6FA52EC81DCDCB6A0094D18E /* SystemConfiguration.framework */; };
		6FA52ECD1DCDCBAD0094D18E /* MobileCoreServices.framework in Frameworks */ = {isa = PBXBuildFile; fileRef = 6FA52ECC1DCDCBAD0094D18E /* MobileCoreServices.framework */; };
		6FA52ECE1DCDCBB90094D18E /* CFNetwork.framework in Frameworks */ = {isa = PBXBuildFile; fileRef = 6FA52ECA1DCDCB760094D18E /* CFNetwork.framework */; };
		6FA52ED01DCDCBC20094D18E /* libz.tbd in Frameworks */ = {isa = PBXBuildFile; fileRef = 6FA52ECF1DCDCBC20094D18E /* libz.tbd */; };
		6FA52ED21DCDCBD00094D18E /* libc++.tbd in Frameworks */ = {isa = PBXBuildFile; fileRef = 6FA52ED11DCDCBD00094D18E /* libc++.tbd */; };
		6FA52ED41DCDCBDF0094D18E /* libxml2.tbd in Frameworks */ = {isa = PBXBuildFile; fileRef = 6FA52ED31DCDCBDF0094D18E /* libxml2.tbd */; };
		6FA52ED61DCDCBF30094D18E /* AdSupport.framework in Frameworks */ = {isa = PBXBuildFile; fileRef = 6FA52ED51DCDCBF30094D18E /* AdSupport.framework */; };
		9E1F1BC71E89448C005774FD /* HYRowDescriber.m in Sources */ = {isa = PBXBuildFile; fileRef = 9E1F1BC61E89448C005774FD /* HYRowDescriber.m */; };
		9E1F1BCD1E894607005774FD /* HYSectionDescriber.m in Sources */ = {isa = PBXBuildFile; fileRef = 9E1F1BCC1E894607005774FD /* HYSectionDescriber.m */; };
		9E1F1BD01E8951CA005774FD /* HYSearchConditionVC.m in Sources */ = {isa = PBXBuildFile; fileRef = 9E1F1BCF1E8951CA005774FD /* HYSearchConditionVC.m */; };
		9ED5CF201E87FF610001B9E3 /* NSLayoutConstraint+EasyAutoLayout.m in Sources */ = {isa = PBXBuildFile; fileRef = 9ED5CEB71E87FF610001B9E3 /* NSLayoutConstraint+EasyAutoLayout.m */; };
		9ED5CF211E87FF610001B9E3 /* HYHttpCilent+SafeParams.m in Sources */ = {isa = PBXBuildFile; fileRef = 9ED5CEBA1E87FF610001B9E3 /* HYHttpCilent+SafeParams.m */; };
		9ED5CF221E87FF610001B9E3 /* HYHttpCilent.m in Sources */ = {isa = PBXBuildFile; fileRef = 9ED5CEBC1E87FF610001B9E3 /* HYHttpCilent.m */; };
		9ED5CF231E87FF610001B9E3 /* HYSangForVPNConnecter.m in Sources */ = {isa = PBXBuildFile; fileRef = 9ED5CEBF1E87FF610001B9E3 /* HYSangForVPNConnecter.m */; };
		9ED5CF241E87FF610001B9E3 /* AuthHelper.m in Sources */ = {isa = PBXBuildFile; fileRef = 9ED5CEC21E87FF610001B9E3 /* AuthHelper.m */; };
		9ED5CF251E87FF610001B9E3 /* libSangforSdk.a in Frameworks */ = {isa = PBXBuildFile; fileRef = 9ED5CEC31E87FF610001B9E3 /* libSangforSdk.a */; };
		9ED5CF261E87FF610001B9E3 /* HYTongTaiVPNConnecter.m in Sources */ = {isa = PBXBuildFile; fileRef = 9ED5CEC81E87FF610001B9E3 /* HYTongTaiVPNConnecter.m */; };
		9ED5CF271E87FF610001B9E3 /* libProxy.a in Frameworks */ = {isa = PBXBuildFile; fileRef = 9ED5CECD1E87FF610001B9E3 /* libProxy.a */; };
		9ED5CF281E87FF610001B9E3 /* openssl.framework in Frameworks */ = {isa = PBXBuildFile; fileRef = 9ED5CECE1E87FF610001B9E3 /* openssl.framework */; };
		9ED5CF2A1E87FF610001B9E3 /* BaseInfoMultiCell.m in Sources */ = {isa = PBXBuildFile; fileRef = 9ED5CED51E87FF610001B9E3 /* BaseInfoMultiCell.m */; };
		9ED5CF2B1E87FF610001B9E3 /* HYBaseHeaderFooter.m in Sources */ = {isa = PBXBuildFile; fileRef = 9ED5CED71E87FF610001B9E3 /* HYBaseHeaderFooter.m */; };
		9ED5CF2C1E87FF610001B9E3 /* HYBaseInfoInputCell.m in Sources */ = {isa = PBXBuildFile; fileRef = 9ED5CED91E87FF610001B9E3 /* HYBaseInfoInputCell.m */; };
		9ED5CF2D1E87FF610001B9E3 /* HYBaseInfoCellModel.m in Sources */ = {isa = PBXBuildFile; fileRef = 9ED5CEDC1E87FF610001B9E3 /* HYBaseInfoCellModel.m */; };
		9ED5CF2E1E87FF610001B9E3 /* HYActionSheet.m in Sources */ = {isa = PBXBuildFile; fileRef = 9ED5CEDF1E87FF610001B9E3 /* HYActionSheet.m */; };
		9ED5CF2F1E87FF610001B9E3 /* HYAlertView.m in Sources */ = {isa = PBXBuildFile; fileRef = 9ED5CEE11E87FF610001B9E3 /* HYAlertView.m */; };
		9ED5CF301E87FF610001B9E3 /* HYLRTextField.m in Sources */ = {isa = PBXBuildFile; fileRef = 9ED5CEE41E87FF610001B9E3 /* HYLRTextField.m */; };
		9ED5CF311E87FF610001B9E3 /* HYPlaceholdTextView.m in Sources */ = {isa = PBXBuildFile; fileRef = 9ED5CEE71E87FF610001B9E3 /* HYPlaceholdTextView.m */; };
		9ED5CF321E87FF610001B9E3 /* HYProgressHUD.m in Sources */ = {isa = PBXBuildFile; fileRef = 9ED5CEEA1E87FF610001B9E3 /* HYProgressHUD.m */; };
		9ED5CF331E87FF610001B9E3 /* HYScanningView.m in Sources */ = {isa = PBXBuildFile; fileRef = 9ED5CEED1E87FF610001B9E3 /* HYScanningView.m */; };
		9ED5CF341E87FF610001B9E3 /* UIImage+HYQRCode.m in Sources */ = {isa = PBXBuildFile; fileRef = 9ED5CEEF1E87FF610001B9E3 /* UIImage+HYQRCode.m */; };
		9ED5CF351E87FF610001B9E3 /* PHAsset+HYLoadLocalSource.m in Sources */ = {isa = PBXBuildFile; fileRef = 9ED5CEF31E87FF610001B9E3 /* PHAsset+HYLoadLocalSource.m */; };
		9ED5CF361E87FF610001B9E3 /* UIView+EffectAnimation.m in Sources */ = {isa = PBXBuildFile; fileRef = 9ED5CEF51E87FF610001B9E3 /* UIView+EffectAnimation.m */; };
		9ED5CF371E87FF610001B9E3 /* UIViewController+HYLibrary.m in Sources */ = {isa = PBXBuildFile; fileRef = 9ED5CEF71E87FF610001B9E3 /* UIViewController+HYLibrary.m */; };
		9ED5CF381E87FF610001B9E3 /* HYBaseVC.m in Sources */ = {isa = PBXBuildFile; fileRef = 9ED5CEFB1E87FF610001B9E3 /* HYBaseVC.m */; };
		9ED5CF391E87FF610001B9E3 /* HYCollectionBaseVC.m in Sources */ = {isa = PBXBuildFile; fileRef = 9ED5CEFD1E87FF610001B9E3 /* HYCollectionBaseVC.m */; };
		9ED5CF3A1E87FF610001B9E3 /* HYMetadataVC.m in Sources */ = {isa = PBXBuildFile; fileRef = 9ED5CEFF1E87FF610001B9E3 /* HYMetadataVC.m */; };
		9ED5CF3B1E87FF610001B9E3 /* HYRefreshVC.m in Sources */ = {isa = PBXBuildFile; fileRef = 9ED5CF011E87FF610001B9E3 /* HYRefreshVC.m */; };
		9ED5CF3C1E87FF610001B9E3 /* HYScanningVC.m in Sources */ = {isa = PBXBuildFile; fileRef = 9ED5CF031E87FF610001B9E3 /* HYScanningVC.m */; };
		9ED5CF3D1E87FF610001B9E3 /* HYTableBaseVC.m in Sources */ = {isa = PBXBuildFile; fileRef = 9ED5CF051E87FF610001B9E3 /* HYTableBaseVC.m */; };
		9ED5CF3E1E87FF610001B9E3 /* HYBusinessBaseCell.m in Sources */ = {isa = PBXBuildFile; fileRef = 9ED5CF081E87FF610001B9E3 /* HYBusinessBaseCell.m */; };
		9ED5CF3F1E87FF610001B9E3 /* HYNoDataView.m in Sources */ = {isa = PBXBuildFile; fileRef = 9ED5CF0A1E87FF610001B9E3 /* HYNoDataView.m */; };
		9ED5CF401E87FF610001B9E3 /* HYSortedMutableDictionary.m in Sources */ = {isa = PBXBuildFile; fileRef = 9ED5CF0F1E87FF610001B9E3 /* HYSortedMutableDictionary.m */; };
		9ED5CF411E87FF610001B9E3 /* NSDate+HYDateFormatter.m in Sources */ = {isa = PBXBuildFile; fileRef = 9ED5CF111E87FF610001B9E3 /* NSDate+HYDateFormatter.m */; };
		9ED5CF421E87FF610001B9E3 /* NSDictionary+HYLibrary.m in Sources */ = {isa = PBXBuildFile; fileRef = 9ED5CF131E87FF610001B9E3 /* NSDictionary+HYLibrary.m */; };
		9ED5CF431E87FF610001B9E3 /* NSObject+StringValue.m in Sources */ = {isa = PBXBuildFile; fileRef = 9ED5CF151E87FF610001B9E3 /* NSObject+StringValue.m */; };
		9ED5CF441E87FF610001B9E3 /* NSString+Encrypt.m in Sources */ = {isa = PBXBuildFile; fileRef = 9ED5CF171E87FF610001B9E3 /* NSString+Encrypt.m */; };
		9ED5CF451E87FF610001B9E3 /* UIColor+HYLibrary.m in Sources */ = {isa = PBXBuildFile; fileRef = 9ED5CF191E87FF610001B9E3 /* UIColor+HYLibrary.m */; };
		9ED5CF461E87FF610001B9E3 /* UIDevice+HYLibrary.m in Sources */ = {isa = PBXBuildFile; fileRef = 9ED5CF1B1E87FF610001B9E3 /* UIDevice+HYLibrary.m */; };
		9ED5CF471E87FF610001B9E3 /* UIImage+HYLibrary.m in Sources */ = {isa = PBXBuildFile; fileRef = 9ED5CF1D1E87FF610001B9E3 /* UIImage+HYLibrary.m */; };
		9ED5CF481E87FF610001B9E3 /* UINavigationItem+CustomBackTitleImage.m in Sources */ = {isa = PBXBuildFile; fileRef = 9ED5CF1F1E87FF610001B9E3 /* UINavigationItem+CustomBackTitleImage.m */; };
		E81DB63B1D810E9E004908C4 /* HYCollectionViewStickyLayout.m in Sources */ = {isa = PBXBuildFile; fileRef = E81DB63A1D810E9E004908C4 /* HYCollectionViewStickyLayout.m */; };
		E86908A81D4B00B500E3B32F /* CustomView.m in Sources */ = {isa = PBXBuildFile; fileRef = E86908A71D4B00B500E3B32F /* CustomView.m */; };
		E86908AB1D4B03B000E3B32F /* SecondViewController.m in Sources */ = {isa = PBXBuildFile; fileRef = E86908AA1D4B03B000E3B32F /* SecondViewController.m */; };
		E87EA9031D81120F007FEA66 /* TestStickyViewController.m in Sources */ = {isa = PBXBuildFile; fileRef = E87EA9021D81120F007FEA66 /* TestStickyViewController.m */; };
		E87EA9091D81571B007FEA66 /* LKCollectionViewFlowLayout.m in Sources */ = {isa = PBXBuildFile; fileRef = E87EA9081D81571B007FEA66 /* LKCollectionViewFlowLayout.m */; };
		E88F53601D49B3EB00FA2E1C /* main.m in Sources */ = {isa = PBXBuildFile; fileRef = E88F535F1D49B3EB00FA2E1C /* main.m */; };
		E88F53631D49B3EB00FA2E1C /* AppDelegate.m in Sources */ = {isa = PBXBuildFile; fileRef = E88F53621D49B3EB00FA2E1C /* AppDelegate.m */; };
		E88F53661D49B3EB00FA2E1C /* ViewController.m in Sources */ = {isa = PBXBuildFile; fileRef = E88F53651D49B3EB00FA2E1C /* ViewController.m */; };
		E88F53691D49B3EB00FA2E1C /* Main.storyboard in Resources */ = {isa = PBXBuildFile; fileRef = E88F53671D49B3EB00FA2E1C /* Main.storyboard */; };
		E88F536B1D49B3EB00FA2E1C /* Assets.xcassets in Resources */ = {isa = PBXBuildFile; fileRef = E88F536A1D49B3EB00FA2E1C /* Assets.xcassets */; };
		E88F536E1D49B3EB00FA2E1C /* LaunchScreen.storyboard in Resources */ = {isa = PBXBuildFile; fileRef = E88F536C1D49B3EB00FA2E1C /* LaunchScreen.storyboard */; };
		F64C58066FE02BED814EEE6A /* libPods-HYLibrary.a in Frameworks */ = {isa = PBXBuildFile; fileRef = 2CC591D1072A66D9D716D245 /* libPods-HYLibrary.a */; };
/* End PBXBuildFile section */

/* Begin PBXFileReference section */
		2CC591D1072A66D9D716D245 /* libPods-HYLibrary.a */ = {isa = PBXFileReference; explicitFileType = archive.ar; includeInIndex = 0; path = "libPods-HYLibrary.a"; sourceTree = BUILT_PRODUCTS_DIR; };
		6F7D970A1EE8042A00342788 /* 深信服EasyApp方案SDK包使用说明.docx */ = {isa = PBXFileReference; lastKnownFileType = file; path = "深信服EasyApp方案SDK包使用说明.docx"; sourceTree = "<group>"; };
		6F7D970D1EE8060500342788 /* config_SangForVPN */ = {isa = PBXFileReference; fileEncoding = 4; lastKnownFileType = text; path = config_SangForVPN; sourceTree = "<group>"; };
		6FA52EC61DCDCB4F0094D18E /* libiconv.tbd */ = {isa = PBXFileReference; lastKnownFileType = "sourcecode.text-based-dylib-definition"; name = libiconv.tbd; path = usr/lib/libiconv.tbd; sourceTree = SDKROOT; };
		6FA52EC81DCDCB6A0094D18E /* SystemConfiguration.framework */ = {isa = PBXFileReference; lastKnownFileType = wrapper.framework; name = SystemConfiguration.framework; path = System/Library/Frameworks/SystemConfiguration.framework; sourceTree = SDKROOT; };
		6FA52ECA1DCDCB760094D18E /* CFNetwork.framework */ = {isa = PBXFileReference; lastKnownFileType = wrapper.framework; name = CFNetwork.framework; path = System/Library/Frameworks/CFNetwork.framework; sourceTree = SDKROOT; };
		6FA52ECC1DCDCBAD0094D18E /* MobileCoreServices.framework */ = {isa = PBXFileReference; lastKnownFileType = wrapper.framework; name = MobileCoreServices.framework; path = System/Library/Frameworks/MobileCoreServices.framework; sourceTree = SDKROOT; };
		6FA52ECF1DCDCBC20094D18E /* libz.tbd */ = {isa = PBXFileReference; lastKnownFileType = "sourcecode.text-based-dylib-definition"; name = libz.tbd; path = usr/lib/libz.tbd; sourceTree = SDKROOT; };
		6FA52ED11DCDCBD00094D18E /* libc++.tbd */ = {isa = PBXFileReference; lastKnownFileType = "sourcecode.text-based-dylib-definition"; name = "libc++.tbd"; path = "usr/lib/libc++.tbd"; sourceTree = SDKROOT; };
		6FA52ED31DCDCBDF0094D18E /* libxml2.tbd */ = {isa = PBXFileReference; lastKnownFileType = "sourcecode.text-based-dylib-definition"; name = libxml2.tbd; path = usr/lib/libxml2.tbd; sourceTree = SDKROOT; };
		6FA52ED51DCDCBF30094D18E /* AdSupport.framework */ = {isa = PBXFileReference; lastKnownFileType = wrapper.framework; name = AdSupport.framework; path = System/Library/Frameworks/AdSupport.framework; sourceTree = SDKROOT; };
		9E1F1BC51E89448C005774FD /* HYRowDescriber.h */ = {isa = PBXFileReference; fileEncoding = 4; lastKnownFileType = sourcecode.c.h; path = HYRowDescriber.h; sourceTree = "<group>"; };
		9E1F1BC61E89448C005774FD /* HYRowDescriber.m */ = {isa = PBXFileReference; fileEncoding = 4; lastKnownFileType = sourcecode.c.objc; path = HYRowDescriber.m; sourceTree = "<group>"; };
		9E1F1BCB1E894607005774FD /* HYSectionDescriber.h */ = {isa = PBXFileReference; fileEncoding = 4; lastKnownFileType = sourcecode.c.h; path = HYSectionDescriber.h; sourceTree = "<group>"; };
		9E1F1BCC1E894607005774FD /* HYSectionDescriber.m */ = {isa = PBXFileReference; fileEncoding = 4; lastKnownFileType = sourcecode.c.objc; path = HYSectionDescriber.m; sourceTree = "<group>"; };
		9E1F1BCE1E8951CA005774FD /* HYSearchConditionVC.h */ = {isa = PBXFileReference; fileEncoding = 4; lastKnownFileType = sourcecode.c.h; path = HYSearchConditionVC.h; sourceTree = "<group>"; };
		9E1F1BCF1E8951CA005774FD /* HYSearchConditionVC.m */ = {isa = PBXFileReference; fileEncoding = 4; lastKnownFileType = sourcecode.c.objc; path = HYSearchConditionVC.m; sourceTree = "<group>"; };
		9ED5CEB61E87FF610001B9E3 /* NSLayoutConstraint+EasyAutoLayout.h */ = {isa = PBXFileReference; fileEncoding = 4; lastKnownFileType = sourcecode.c.h; path = "NSLayoutConstraint+EasyAutoLayout.h"; sourceTree = "<group>"; };
		9ED5CEB71E87FF610001B9E3 /* NSLayoutConstraint+EasyAutoLayout.m */ = {isa = PBXFileReference; fileEncoding = 4; lastKnownFileType = sourcecode.c.objc; path = "NSLayoutConstraint+EasyAutoLayout.m"; sourceTree = "<group>"; };
		9ED5CEB91E87FF610001B9E3 /* HYHttpCilent+SafeParams.h */ = {isa = PBXFileReference; fileEncoding = 4; lastKnownFileType = sourcecode.c.h; path = "HYHttpCilent+SafeParams.h"; sourceTree = "<group>"; };
		9ED5CEBA1E87FF610001B9E3 /* HYHttpCilent+SafeParams.m */ = {isa = PBXFileReference; fileEncoding = 4; lastKnownFileType = sourcecode.c.objc; path = "HYHttpCilent+SafeParams.m"; sourceTree = "<group>"; };
		9ED5CEBB1E87FF610001B9E3 /* HYHttpCilent.h */ = {isa = PBXFileReference; fileEncoding = 4; lastKnownFileType = sourcecode.c.h; path = HYHttpCilent.h; sourceTree = "<group>"; };
		9ED5CEBC1E87FF610001B9E3 /* HYHttpCilent.m */ = {isa = PBXFileReference; fileEncoding = 4; lastKnownFileType = sourcecode.c.objc; path = HYHttpCilent.m; sourceTree = "<group>"; };
		9ED5CEBE1E87FF610001B9E3 /* HYSangForVPNConnecter.h */ = {isa = PBXFileReference; fileEncoding = 4; lastKnownFileType = sourcecode.c.h; path = HYSangForVPNConnecter.h; sourceTree = "<group>"; };
		9ED5CEBF1E87FF610001B9E3 /* HYSangForVPNConnecter.m */ = {isa = PBXFileReference; fileEncoding = 4; lastKnownFileType = sourcecode.c.objc; path = HYSangForVPNConnecter.m; sourceTree = "<group>"; };
		9ED5CEC11E87FF610001B9E3 /* AuthHelper.h */ = {isa = PBXFileReference; fileEncoding = 4; lastKnownFileType = sourcecode.c.h; path = AuthHelper.h; sourceTree = "<group>"; };
		9ED5CEC21E87FF610001B9E3 /* AuthHelper.m */ = {isa = PBXFileReference; fileEncoding = 4; lastKnownFileType = sourcecode.c.objc; path = AuthHelper.m; sourceTree = "<group>"; };
		9ED5CEC31E87FF610001B9E3 /* libSangforSdk.a */ = {isa = PBXFileReference; lastKnownFileType = archive.ar; path = libSangforSdk.a; sourceTree = "<group>"; };
		9ED5CEC41E87FF610001B9E3 /* sdkheader.h */ = {isa = PBXFileReference; fileEncoding = 4; lastKnownFileType = sourcecode.c.h; path = sdkheader.h; sourceTree = "<group>"; };
		9ED5CEC51E87FF610001B9E3 /* sslvpnnb.h */ = {isa = PBXFileReference; fileEncoding = 4; lastKnownFileType = sourcecode.c.h; path = sslvpnnb.h; sourceTree = "<group>"; };
		9ED5CEC71E87FF610001B9E3 /* HYTongTaiVPNConnecter.h */ = {isa = PBXFileReference; fileEncoding = 4; lastKnownFileType = sourcecode.c.h; path = HYTongTaiVPNConnecter.h; sourceTree = "<group>"; };
		9ED5CEC81E87FF610001B9E3 /* HYTongTaiVPNConnecter.m */ = {isa = PBXFileReference; fileEncoding = 4; lastKnownFileType = sourcecode.c.objc; path = HYTongTaiVPNConnecter.m; sourceTree = "<group>"; };
		9ED5CECA1E87FF610001B9E3 /* CertHelper.h */ = {isa = PBXFileReference; fileEncoding = 4; lastKnownFileType = sourcecode.c.h; path = CertHelper.h; sourceTree = "<group>"; };
		9ED5CECB1E87FF610001B9E3 /* HookEntry.h */ = {isa = PBXFileReference; fileEncoding = 4; lastKnownFileType = sourcecode.c.h; path = HookEntry.h; sourceTree = "<group>"; };
		9ED5CECC1E87FF610001B9E3 /* L4Proxy.h */ = {isa = PBXFileReference; fileEncoding = 4; lastKnownFileType = sourcecode.c.h; path = L4Proxy.h; sourceTree = "<group>"; };
		9ED5CECD1E87FF610001B9E3 /* libProxy.a */ = {isa = PBXFileReference; lastKnownFileType = archive.ar; path = libProxy.a; sourceTree = "<group>"; };
		9ED5CECE1E87FF610001B9E3 /* openssl.framework */ = {isa = PBXFileReference; lastKnownFileType = wrapper.framework; path = openssl.framework; sourceTree = "<group>"; };
		9ED5CECF1E87FF610001B9E3 /* SsoAuth.h */ = {isa = PBXFileReference; fileEncoding = 4; lastKnownFileType = sourcecode.c.h; path = SsoAuth.h; sourceTree = "<group>"; };
		9ED5CED41E87FF610001B9E3 /* BaseInfoMultiCell.h */ = {isa = PBXFileReference; fileEncoding = 4; lastKnownFileType = sourcecode.c.h; path = BaseInfoMultiCell.h; sourceTree = "<group>"; };
		9ED5CED51E87FF610001B9E3 /* BaseInfoMultiCell.m */ = {isa = PBXFileReference; fileEncoding = 4; lastKnownFileType = sourcecode.c.objc; path = BaseInfoMultiCell.m; sourceTree = "<group>"; };
		9ED5CED61E87FF610001B9E3 /* HYBaseHeaderFooter.h */ = {isa = PBXFileReference; fileEncoding = 4; lastKnownFileType = sourcecode.c.h; path = HYBaseHeaderFooter.h; sourceTree = "<group>"; };
		9ED5CED71E87FF610001B9E3 /* HYBaseHeaderFooter.m */ = {isa = PBXFileReference; fileEncoding = 4; lastKnownFileType = sourcecode.c.objc; path = HYBaseHeaderFooter.m; sourceTree = "<group>"; };
		9ED5CED81E87FF610001B9E3 /* HYBaseInfoInputCell.h */ = {isa = PBXFileReference; fileEncoding = 4; lastKnownFileType = sourcecode.c.h; path = HYBaseInfoInputCell.h; sourceTree = "<group>"; };
		9ED5CED91E87FF610001B9E3 /* HYBaseInfoInputCell.m */ = {isa = PBXFileReference; fileEncoding = 4; lastKnownFileType = sourcecode.c.objc; path = HYBaseInfoInputCell.m; sourceTree = "<group>"; };
		9ED5CEDB1E87FF610001B9E3 /* HYBaseInfoCellModel.h */ = {isa = PBXFileReference; fileEncoding = 4; lastKnownFileType = sourcecode.c.h; path = HYBaseInfoCellModel.h; sourceTree = "<group>"; };
		9ED5CEDC1E87FF610001B9E3 /* HYBaseInfoCellModel.m */ = {isa = PBXFileReference; fileEncoding = 4; lastKnownFileType = sourcecode.c.objc; path = HYBaseInfoCellModel.m; sourceTree = "<group>"; };
		9ED5CEDE1E87FF610001B9E3 /* HYActionSheet.h */ = {isa = PBXFileReference; fileEncoding = 4; lastKnownFileType = sourcecode.c.h; path = HYActionSheet.h; sourceTree = "<group>"; };
		9ED5CEDF1E87FF610001B9E3 /* HYActionSheet.m */ = {isa = PBXFileReference; fileEncoding = 4; lastKnownFileType = sourcecode.c.objc; path = HYActionSheet.m; sourceTree = "<group>"; };
		9ED5CEE01E87FF610001B9E3 /* HYAlertView.h */ = {isa = PBXFileReference; fileEncoding = 4; lastKnownFileType = sourcecode.c.h; path = HYAlertView.h; sourceTree = "<group>"; };
		9ED5CEE11E87FF610001B9E3 /* HYAlertView.m */ = {isa = PBXFileReference; fileEncoding = 4; lastKnownFileType = sourcecode.c.objc; path = HYAlertView.m; sourceTree = "<group>"; };
		9ED5CEE31E87FF610001B9E3 /* HYLRTextField.h */ = {isa = PBXFileReference; fileEncoding = 4; lastKnownFileType = sourcecode.c.h; path = HYLRTextField.h; sourceTree = "<group>"; };
		9ED5CEE41E87FF610001B9E3 /* HYLRTextField.m */ = {isa = PBXFileReference; fileEncoding = 4; lastKnownFileType = sourcecode.c.objc; path = HYLRTextField.m; sourceTree = "<group>"; };
		9ED5CEE61E87FF610001B9E3 /* HYPlaceholdTextView.h */ = {isa = PBXFileReference; fileEncoding = 4; lastKnownFileType = sourcecode.c.h; path = HYPlaceholdTextView.h; sourceTree = "<group>"; };
		9ED5CEE71E87FF610001B9E3 /* HYPlaceholdTextView.m */ = {isa = PBXFileReference; fileEncoding = 4; lastKnownFileType = sourcecode.c.objc; path = HYPlaceholdTextView.m; sourceTree = "<group>"; };
		9ED5CEE91E87FF610001B9E3 /* HYProgressHUD.h */ = {isa = PBXFileReference; fileEncoding = 4; lastKnownFileType = sourcecode.c.h; path = HYProgressHUD.h; sourceTree = "<group>"; };
		9ED5CEEA1E87FF610001B9E3 /* HYProgressHUD.m */ = {isa = PBXFileReference; fileEncoding = 4; lastKnownFileType = sourcecode.c.objc; path = HYProgressHUD.m; sourceTree = "<group>"; };
		9ED5CEEC1E87FF610001B9E3 /* HYScanningView.h */ = {isa = PBXFileReference; fileEncoding = 4; lastKnownFileType = sourcecode.c.h; path = HYScanningView.h; sourceTree = "<group>"; };
		9ED5CEED1E87FF610001B9E3 /* HYScanningView.m */ = {isa = PBXFileReference; fileEncoding = 4; lastKnownFileType = sourcecode.c.objc; path = HYScanningView.m; sourceTree = "<group>"; };
		9ED5CEEE1E87FF610001B9E3 /* UIImage+HYQRCode.h */ = {isa = PBXFileReference; fileEncoding = 4; lastKnownFileType = sourcecode.c.h; path = "UIImage+HYQRCode.h"; sourceTree = "<group>"; };
		9ED5CEEF1E87FF610001B9E3 /* UIImage+HYQRCode.m */ = {isa = PBXFileReference; fileEncoding = 4; lastKnownFileType = sourcecode.c.objc; path = "UIImage+HYQRCode.m"; sourceTree = "<group>"; };
		9ED5CEF01E87FF610001B9E3 /* HYViewMacro.h */ = {isa = PBXFileReference; fileEncoding = 4; lastKnownFileType = sourcecode.c.h; path = HYViewMacro.h; sourceTree = "<group>"; };
		9ED5CEF21E87FF610001B9E3 /* PHAsset+HYLoadLocalSource.h */ = {isa = PBXFileReference; fileEncoding = 4; lastKnownFileType = sourcecode.c.h; path = "PHAsset+HYLoadLocalSource.h"; sourceTree = "<group>"; };
		9ED5CEF31E87FF610001B9E3 /* PHAsset+HYLoadLocalSource.m */ = {isa = PBXFileReference; fileEncoding = 4; lastKnownFileType = sourcecode.c.objc; path = "PHAsset+HYLoadLocalSource.m"; sourceTree = "<group>"; };
		9ED5CEF41E87FF610001B9E3 /* UIView+EffectAnimation.h */ = {isa = PBXFileReference; fileEncoding = 4; lastKnownFileType = sourcecode.c.h; path = "UIView+EffectAnimation.h"; sourceTree = "<group>"; };
		9ED5CEF51E87FF610001B9E3 /* UIView+EffectAnimation.m */ = {isa = PBXFileReference; fileEncoding = 4; lastKnownFileType = sourcecode.c.objc; path = "UIView+EffectAnimation.m"; sourceTree = "<group>"; };
		9ED5CEF61E87FF610001B9E3 /* UIViewController+HYLibrary.h */ = {isa = PBXFileReference; fileEncoding = 4; lastKnownFileType = sourcecode.c.h; path = "UIViewController+HYLibrary.h"; sourceTree = "<group>"; };
		9ED5CEF71E87FF610001B9E3 /* UIViewController+HYLibrary.m */ = {isa = PBXFileReference; fileEncoding = 4; lastKnownFileType = sourcecode.c.objc; path = "UIViewController+HYLibrary.m"; sourceTree = "<group>"; };
		9ED5CEFA1E87FF610001B9E3 /* HYBaseVC.h */ = {isa = PBXFileReference; fileEncoding = 4; lastKnownFileType = sourcecode.c.h; path = HYBaseVC.h; sourceTree = "<group>"; };
		9ED5CEFB1E87FF610001B9E3 /* HYBaseVC.m */ = {isa = PBXFileReference; fileEncoding = 4; lastKnownFileType = sourcecode.c.objc; path = HYBaseVC.m; sourceTree = "<group>"; };
		9ED5CEFC1E87FF610001B9E3 /* HYCollectionBaseVC.h */ = {isa = PBXFileReference; fileEncoding = 4; lastKnownFileType = sourcecode.c.h; path = HYCollectionBaseVC.h; sourceTree = "<group>"; };
		9ED5CEFD1E87FF610001B9E3 /* HYCollectionBaseVC.m */ = {isa = PBXFileReference; fileEncoding = 4; lastKnownFileType = sourcecode.c.objc; path = HYCollectionBaseVC.m; sourceTree = "<group>"; };
		9ED5CEFE1E87FF610001B9E3 /* HYMetadataVC.h */ = {isa = PBXFileReference; fileEncoding = 4; lastKnownFileType = sourcecode.c.h; path = HYMetadataVC.h; sourceTree = "<group>"; };
		9ED5CEFF1E87FF610001B9E3 /* HYMetadataVC.m */ = {isa = PBXFileReference; fileEncoding = 4; lastKnownFileType = sourcecode.c.objc; path = HYMetadataVC.m; sourceTree = "<group>"; };
		9ED5CF001E87FF610001B9E3 /* HYRefreshVC.h */ = {isa = PBXFileReference; fileEncoding = 4; lastKnownFileType = sourcecode.c.h; path = HYRefreshVC.h; sourceTree = "<group>"; };
		9ED5CF011E87FF610001B9E3 /* HYRefreshVC.m */ = {isa = PBXFileReference; fileEncoding = 4; lastKnownFileType = sourcecode.c.objc; path = HYRefreshVC.m; sourceTree = "<group>"; };
		9ED5CF021E87FF610001B9E3 /* HYScanningVC.h */ = {isa = PBXFileReference; fileEncoding = 4; lastKnownFileType = sourcecode.c.h; path = HYScanningVC.h; sourceTree = "<group>"; };
		9ED5CF031E87FF610001B9E3 /* HYScanningVC.m */ = {isa = PBXFileReference; fileEncoding = 4; lastKnownFileType = sourcecode.c.objc; path = HYScanningVC.m; sourceTree = "<group>"; };
		9ED5CF041E87FF610001B9E3 /* HYTableBaseVC.h */ = {isa = PBXFileReference; fileEncoding = 4; lastKnownFileType = sourcecode.c.h; path = HYTableBaseVC.h; sourceTree = "<group>"; };
		9ED5CF051E87FF610001B9E3 /* HYTableBaseVC.m */ = {isa = PBXFileReference; fileEncoding = 4; lastKnownFileType = sourcecode.c.objc; path = HYTableBaseVC.m; sourceTree = "<group>"; };
		9ED5CF071E87FF610001B9E3 /* HYBusinessBaseCell.h */ = {isa = PBXFileReference; fileEncoding = 4; lastKnownFileType = sourcecode.c.h; path = HYBusinessBaseCell.h; sourceTree = "<group>"; };
		9ED5CF081E87FF610001B9E3 /* HYBusinessBaseCell.m */ = {isa = PBXFileReference; fileEncoding = 4; lastKnownFileType = sourcecode.c.objc; path = HYBusinessBaseCell.m; sourceTree = "<group>"; };
		9ED5CF091E87FF610001B9E3 /* HYNoDataView.h */ = {isa = PBXFileReference; fileEncoding = 4; lastKnownFileType = sourcecode.c.h; path = HYNoDataView.h; sourceTree = "<group>"; };
		9ED5CF0A1E87FF610001B9E3 /* HYNoDataView.m */ = {isa = PBXFileReference; fileEncoding = 4; lastKnownFileType = sourcecode.c.objc; path = HYNoDataView.m; sourceTree = "<group>"; };
		9ED5CF0B1E87FF610001B9E3 /* HYLibraryMacro.h */ = {isa = PBXFileReference; fileEncoding = 4; lastKnownFileType = sourcecode.c.h; path = HYLibraryMacro.h; sourceTree = "<group>"; };
		9ED5CF0E1E87FF610001B9E3 /* HYSortedMutableDictionary.h */ = {isa = PBXFileReference; fileEncoding = 4; lastKnownFileType = sourcecode.c.h; path = HYSortedMutableDictionary.h; sourceTree = "<group>"; };
		9ED5CF0F1E87FF610001B9E3 /* HYSortedMutableDictionary.m */ = {isa = PBXFileReference; fileEncoding = 4; lastKnownFileType = sourcecode.c.objc; path = HYSortedMutableDictionary.m; sourceTree = "<group>"; };
		9ED5CF101E87FF610001B9E3 /* NSDate+HYDateFormatter.h */ = {isa = PBXFileReference; fileEncoding = 4; lastKnownFileType = sourcecode.c.h; path = "NSDate+HYDateFormatter.h"; sourceTree = "<group>"; };
		9ED5CF111E87FF610001B9E3 /* NSDate+HYDateFormatter.m */ = {isa = PBXFileReference; fileEncoding = 4; lastKnownFileType = sourcecode.c.objc; path = "NSDate+HYDateFormatter.m"; sourceTree = "<group>"; };
		9ED5CF121E87FF610001B9E3 /* NSDictionary+HYLibrary.h */ = {isa = PBXFileReference; fileEncoding = 4; lastKnownFileType = sourcecode.c.h; path = "NSDictionary+HYLibrary.h"; sourceTree = "<group>"; };
		9ED5CF131E87FF610001B9E3 /* NSDictionary+HYLibrary.m */ = {isa = PBXFileReference; fileEncoding = 4; lastKnownFileType = sourcecode.c.objc; path = "NSDictionary+HYLibrary.m"; sourceTree = "<group>"; };
		9ED5CF141E87FF610001B9E3 /* NSObject+StringValue.h */ = {isa = PBXFileReference; fileEncoding = 4; lastKnownFileType = sourcecode.c.h; path = "NSObject+StringValue.h"; sourceTree = "<group>"; };
		9ED5CF151E87FF610001B9E3 /* NSObject+StringValue.m */ = {isa = PBXFileReference; fileEncoding = 4; lastKnownFileType = sourcecode.c.objc; path = "NSObject+StringValue.m"; sourceTree = "<group>"; };
		9ED5CF161E87FF610001B9E3 /* NSString+Encrypt.h */ = {isa = PBXFileReference; fileEncoding = 4; lastKnownFileType = sourcecode.c.h; path = "NSString+Encrypt.h"; sourceTree = "<group>"; };
		9ED5CF171E87FF610001B9E3 /* NSString+Encrypt.m */ = {isa = PBXFileReference; fileEncoding = 4; lastKnownFileType = sourcecode.c.objc; path = "NSString+Encrypt.m"; sourceTree = "<group>"; };
		9ED5CF181E87FF610001B9E3 /* UIColor+HYLibrary.h */ = {isa = PBXFileReference; fileEncoding = 4; lastKnownFileType = sourcecode.c.h; path = "UIColor+HYLibrary.h"; sourceTree = "<group>"; };
		9ED5CF191E87FF610001B9E3 /* UIColor+HYLibrary.m */ = {isa = PBXFileReference; fileEncoding = 4; lastKnownFileType = sourcecode.c.objc; path = "UIColor+HYLibrary.m"; sourceTree = "<group>"; };
		9ED5CF1A1E87FF610001B9E3 /* UIDevice+HYLibrary.h */ = {isa = PBXFileReference; fileEncoding = 4; lastKnownFileType = sourcecode.c.h; path = "UIDevice+HYLibrary.h"; sourceTree = "<group>"; };
		9ED5CF1B1E87FF610001B9E3 /* UIDevice+HYLibrary.m */ = {isa = PBXFileReference; fileEncoding = 4; lastKnownFileType = sourcecode.c.objc; path = "UIDevice+HYLibrary.m"; sourceTree = "<group>"; };
		9ED5CF1C1E87FF610001B9E3 /* UIImage+HYLibrary.h */ = {isa = PBXFileReference; fileEncoding = 4; lastKnownFileType = sourcecode.c.h; path = "UIImage+HYLibrary.h"; sourceTree = "<group>"; };
		9ED5CF1D1E87FF610001B9E3 /* UIImage+HYLibrary.m */ = {isa = PBXFileReference; fileEncoding = 4; lastKnownFileType = sourcecode.c.objc; path = "UIImage+HYLibrary.m"; sourceTree = "<group>"; };
		9ED5CF1E1E87FF610001B9E3 /* UINavigationItem+CustomBackTitleImage.h */ = {isa = PBXFileReference; fileEncoding = 4; lastKnownFileType = sourcecode.c.h; path = "UINavigationItem+CustomBackTitleImage.h"; sourceTree = "<group>"; };
		9ED5CF1F1E87FF610001B9E3 /* UINavigationItem+CustomBackTitleImage.m */ = {isa = PBXFileReference; fileEncoding = 4; lastKnownFileType = sourcecode.c.objc; path = "UINavigationItem+CustomBackTitleImage.m"; sourceTree = "<group>"; };
		DBE912B8A64E1EF7512736F2 /* Pods-HYLibrary.debug.xcconfig */ = {isa = PBXFileReference; includeInIndex = 1; lastKnownFileType = text.xcconfig; name = "Pods-HYLibrary.debug.xcconfig"; path = "Pods/Target Support Files/Pods-HYLibrary/Pods-HYLibrary.debug.xcconfig"; sourceTree = "<group>"; };
		E81DB6391D810E9E004908C4 /* HYCollectionViewStickyLayout.h */ = {isa = PBXFileReference; fileEncoding = 4; lastKnownFileType = sourcecode.c.h; path = HYCollectionViewStickyLayout.h; sourceTree = "<group>"; };
		E81DB63A1D810E9E004908C4 /* HYCollectionViewStickyLayout.m */ = {isa = PBXFileReference; fileEncoding = 4; lastKnownFileType = sourcecode.c.objc; path = HYCollectionViewStickyLayout.m; sourceTree = "<group>"; };
		E86908A61D4B00B500E3B32F /* CustomView.h */ = {isa = PBXFileReference; fileEncoding = 4; lastKnownFileType = sourcecode.c.h; path = CustomView.h; sourceTree = "<group>"; };
		E86908A71D4B00B500E3B32F /* CustomView.m */ = {isa = PBXFileReference; fileEncoding = 4; lastKnownFileType = sourcecode.c.objc; path = CustomView.m; sourceTree = "<group>"; };
		E86908A91D4B03B000E3B32F /* SecondViewController.h */ = {isa = PBXFileReference; fileEncoding = 4; lastKnownFileType = sourcecode.c.h; path = SecondViewController.h; sourceTree = "<group>"; };
		E86908AA1D4B03B000E3B32F /* SecondViewController.m */ = {isa = PBXFileReference; fileEncoding = 4; lastKnownFileType = sourcecode.c.objc; path = SecondViewController.m; sourceTree = "<group>"; };
		E87EA9011D81120F007FEA66 /* TestStickyViewController.h */ = {isa = PBXFileReference; fileEncoding = 4; lastKnownFileType = sourcecode.c.h; path = TestStickyViewController.h; sourceTree = "<group>"; };
		E87EA9021D81120F007FEA66 /* TestStickyViewController.m */ = {isa = PBXFileReference; fileEncoding = 4; lastKnownFileType = sourcecode.c.objc; path = TestStickyViewController.m; sourceTree = "<group>"; };
		E87EA9071D81571B007FEA66 /* LKCollectionViewFlowLayout.h */ = {isa = PBXFileReference; fileEncoding = 4; lastKnownFileType = sourcecode.c.h; path = LKCollectionViewFlowLayout.h; sourceTree = "<group>"; };
		E87EA9081D81571B007FEA66 /* LKCollectionViewFlowLayout.m */ = {isa = PBXFileReference; fileEncoding = 4; lastKnownFileType = sourcecode.c.objc; path = LKCollectionViewFlowLayout.m; sourceTree = "<group>"; };
		E88F535B1D49B3EA00FA2E1C /* HYLibrary.app */ = {isa = PBXFileReference; explicitFileType = wrapper.application; includeInIndex = 0; path = HYLibrary.app; sourceTree = BUILT_PRODUCTS_DIR; };
		E88F535F1D49B3EB00FA2E1C /* main.m */ = {isa = PBXFileReference; lastKnownFileType = sourcecode.c.objc; path = main.m; sourceTree = "<group>"; };
		E88F53611D49B3EB00FA2E1C /* AppDelegate.h */ = {isa = PBXFileReference; lastKnownFileType = sourcecode.c.h; path = AppDelegate.h; sourceTree = "<group>"; };
		E88F53621D49B3EB00FA2E1C /* AppDelegate.m */ = {isa = PBXFileReference; lastKnownFileType = sourcecode.c.objc; path = AppDelegate.m; sourceTree = "<group>"; };
		E88F53641D49B3EB00FA2E1C /* ViewController.h */ = {isa = PBXFileReference; lastKnownFileType = sourcecode.c.h; path = ViewController.h; sourceTree = "<group>"; };
		E88F53651D49B3EB00FA2E1C /* ViewController.m */ = {isa = PBXFileReference; lastKnownFileType = sourcecode.c.objc; path = ViewController.m; sourceTree = "<group>"; };
		E88F53681D49B3EB00FA2E1C /* Base */ = {isa = PBXFileReference; lastKnownFileType = file.storyboard; name = Base; path = Base.lproj/Main.storyboard; sourceTree = "<group>"; };
		E88F536A1D49B3EB00FA2E1C /* Assets.xcassets */ = {isa = PBXFileReference; lastKnownFileType = folder.assetcatalog; path = Assets.xcassets; sourceTree = "<group>"; };
		E88F536D1D49B3EB00FA2E1C /* Base */ = {isa = PBXFileReference; lastKnownFileType = file.storyboard; name = Base; path = Base.lproj/LaunchScreen.storyboard; sourceTree = "<group>"; };
		E88F536F1D49B3EB00FA2E1C /* Info.plist */ = {isa = PBXFileReference; lastKnownFileType = text.plist.xml; path = Info.plist; sourceTree = "<group>"; };
		E88F53DB1D49B4EE00FA2E1C /* PrefixHeader.pch */ = {isa = PBXFileReference; lastKnownFileType = sourcecode.c.h; path = PrefixHeader.pch; sourceTree = "<group>"; };
		F25529D557C6AFA6B58DEBC0 /* Pods-HYLibrary.release.xcconfig */ = {isa = PBXFileReference; includeInIndex = 1; lastKnownFileType = text.xcconfig; name = "Pods-HYLibrary.release.xcconfig"; path = "Pods/Target Support Files/Pods-HYLibrary/Pods-HYLibrary.release.xcconfig"; sourceTree = "<group>"; };
/* End PBXFileReference section */

/* Begin PBXFrameworksBuildPhase section */
		E88F53581D49B3EA00FA2E1C /* Frameworks */ = {
			isa = PBXFrameworksBuildPhase;
			buildActionMask = 2147483647;
			files = (
				6FA52ED61DCDCBF30094D18E /* AdSupport.framework in Frameworks */,
				9ED5CF251E87FF610001B9E3 /* libSangforSdk.a in Frameworks */,
				6FA52ED41DCDCBDF0094D18E /* libxml2.tbd in Frameworks */,
				6FA52ED21DCDCBD00094D18E /* libc++.tbd in Frameworks */,
				6FA52ED01DCDCBC20094D18E /* libz.tbd in Frameworks */,
				6FA52ECE1DCDCBB90094D18E /* CFNetwork.framework in Frameworks */,
				6FA52ECD1DCDCBAD0094D18E /* MobileCoreServices.framework in Frameworks */,
				9ED5CF271E87FF610001B9E3 /* libProxy.a in Frameworks */,
				6FA52EC91DCDCB6A0094D18E /* SystemConfiguration.framework in Frameworks */,
				9ED5CF281E87FF610001B9E3 /* openssl.framework in Frameworks */,
				6FA52EC71DCDCB4F0094D18E /* libiconv.tbd in Frameworks */,
				F64C58066FE02BED814EEE6A /* libPods-HYLibrary.a in Frameworks */,
			);
			runOnlyForDeploymentPostprocessing = 0;
		};
/* End PBXFrameworksBuildPhase section */

/* Begin PBXGroup section */
		9A75B4C325D749B68DC41077 /* Pods */ = {
			isa = PBXGroup;
			children = (
				DBE912B8A64E1EF7512736F2 /* Pods-HYLibrary.debug.xcconfig */,
				F25529D557C6AFA6B58DEBC0 /* Pods-HYLibrary.release.xcconfig */,
			);
			name = Pods;
			sourceTree = "<group>";
		};
		9E1F1BC41E894478005774FD /* HYRowDescriber */ = {
			isa = PBXGroup;
			children = (
				9E1F1BC51E89448C005774FD /* HYRowDescriber.h */,
				9E1F1BC61E89448C005774FD /* HYRowDescriber.m */,
				9E1F1BCB1E894607005774FD /* HYSectionDescriber.h */,
				9E1F1BCC1E894607005774FD /* HYSectionDescriber.m */,
			);
			name = HYRowDescriber;
			path = Models/HYRowDescriber;
			sourceTree = "<group>";
		};
		9ED5CEB41E87FF610001B9E3 /* Helper */ = {
			isa = PBXGroup;
			children = (
				9ED5CEB51E87FF610001B9E3 /* AutoLayout */,
				9ED5CEB81E87FF610001B9E3 /* HYHttpCilent */,
				9ED5CEBD1E87FF610001B9E3 /* HYSangForVPNConnect */,
				9ED5CEC61E87FF610001B9E3 /* HYTongTaiVPNConnecter */,
			);
			path = Helper;
			sourceTree = "<group>";
		};
		9ED5CEB51E87FF610001B9E3 /* AutoLayout */ = {
			isa = PBXGroup;
			children = (
				9ED5CEB61E87FF610001B9E3 /* NSLayoutConstraint+EasyAutoLayout.h */,
				9ED5CEB71E87FF610001B9E3 /* NSLayoutConstraint+EasyAutoLayout.m */,
			);
			path = AutoLayout;
			sourceTree = "<group>";
		};
		9ED5CEB81E87FF610001B9E3 /* HYHttpCilent */ = {
			isa = PBXGroup;
			children = (
				9ED5CEB91E87FF610001B9E3 /* HYHttpCilent+SafeParams.h */,
				9ED5CEBA1E87FF610001B9E3 /* HYHttpCilent+SafeParams.m */,
				9ED5CEBB1E87FF610001B9E3 /* HYHttpCilent.h */,
				9ED5CEBC1E87FF610001B9E3 /* HYHttpCilent.m */,
			);
			path = HYHttpCilent;
			sourceTree = "<group>";
		};
		9ED5CEBD1E87FF610001B9E3 /* HYSangForVPNConnect */ = {
			isa = PBXGroup;
			children = (
				6F7D970D1EE8060500342788 /* config_SangForVPN */,
				9ED5CEBE1E87FF610001B9E3 /* HYSangForVPNConnecter.h */,
				9ED5CEBF1E87FF610001B9E3 /* HYSangForVPNConnecter.m */,
				9ED5CEC01E87FF610001B9E3 /* lib */,
			);
			path = HYSangForVPNConnect;
			sourceTree = "<group>";
		};
		9ED5CEC01E87FF610001B9E3 /* lib */ = {
			isa = PBXGroup;
			children = (
				6F7D970A1EE8042A00342788 /* 深信服EasyApp方案SDK包使用说明.docx */,
				9ED5CEC11E87FF610001B9E3 /* AuthHelper.h */,
				9ED5CEC21E87FF610001B9E3 /* AuthHelper.m */,
				9ED5CEC31E87FF610001B9E3 /* libSangforSdk.a */,
				9ED5CEC41E87FF610001B9E3 /* sdkheader.h */,
				9ED5CEC51E87FF610001B9E3 /* sslvpnnb.h */,
			);
			path = lib;
			sourceTree = "<group>";
		};
		9ED5CEC61E87FF610001B9E3 /* HYTongTaiVPNConnecter */ = {
			isa = PBXGroup;
			children = (
				9ED5CEC71E87FF610001B9E3 /* HYTongTaiVPNConnecter.h */,
				9ED5CEC81E87FF610001B9E3 /* HYTongTaiVPNConnecter.m */,
				9ED5CEC91E87FF610001B9E3 /* lib */,
			);
			path = HYTongTaiVPNConnecter;
			sourceTree = "<group>";
		};
		9ED5CEC91E87FF610001B9E3 /* lib */ = {
			isa = PBXGroup;
			children = (
				9ED5CECA1E87FF610001B9E3 /* CertHelper.h */,
				9ED5CECB1E87FF610001B9E3 /* HookEntry.h */,
				9ED5CECC1E87FF610001B9E3 /* L4Proxy.h */,
				9ED5CECD1E87FF610001B9E3 /* libProxy.a */,
				9ED5CECE1E87FF610001B9E3 /* openssl.framework */,
				9ED5CECF1E87FF610001B9E3 /* SsoAuth.h */,
			);
			path = lib;
			sourceTree = "<group>";
		};
		9ED5CED01E87FF610001B9E3 /* HYBaseUI */ = {
			isa = PBXGroup;
			children = (
				9ED5CED11E87FF610001B9E3 /* BaseInfoItemCell */,
				9ED5CEDD1E87FF610001B9E3 /* HYAlertSheet */,
				9ED5CEE21E87FF610001B9E3 /* HYLRTextField */,
				9ED5CEE51E87FF610001B9E3 /* HYPlaceholdTextView */,
				9ED5CEE81E87FF610001B9E3 /* HYProgressHUD */,
				9ED5CEEB1E87FF610001B9E3 /* HYScanningView */,
				9ED5CEF01E87FF610001B9E3 /* HYViewMacro.h */,
				9ED5CEF11E87FF610001B9E3 /* PhotoPicker */,
				9ED5CEF41E87FF610001B9E3 /* UIView+EffectAnimation.h */,
				9ED5CEF51E87FF610001B9E3 /* UIView+EffectAnimation.m */,
				9ED5CEF61E87FF610001B9E3 /* UIViewController+HYLibrary.h */,
				9ED5CEF71E87FF610001B9E3 /* UIViewController+HYLibrary.m */,
			);
			path = HYBaseUI;
			sourceTree = "<group>";
		};
		9ED5CED11E87FF610001B9E3 /* BaseInfoItemCell */ = {
			isa = PBXGroup;
			children = (
				9ED5CED41E87FF610001B9E3 /* BaseInfoMultiCell.h */,
				9ED5CED51E87FF610001B9E3 /* BaseInfoMultiCell.m */,
				9ED5CED61E87FF610001B9E3 /* HYBaseHeaderFooter.h */,
				9ED5CED71E87FF610001B9E3 /* HYBaseHeaderFooter.m */,
				9ED5CED81E87FF610001B9E3 /* HYBaseInfoInputCell.h */,
				9ED5CED91E87FF610001B9E3 /* HYBaseInfoInputCell.m */,
				9ED5CEDA1E87FF610001B9E3 /* Models */,
			);
			path = BaseInfoItemCell;
			sourceTree = "<group>";
		};
		9ED5CEDA1E87FF610001B9E3 /* Models */ = {
			isa = PBXGroup;
			children = (
				9ED5CEDB1E87FF610001B9E3 /* HYBaseInfoCellModel.h */,
				9ED5CEDC1E87FF610001B9E3 /* HYBaseInfoCellModel.m */,
			);
			path = Models;
			sourceTree = "<group>";
		};
		9ED5CEDD1E87FF610001B9E3 /* HYAlertSheet */ = {
			isa = PBXGroup;
			children = (
				9ED5CEDE1E87FF610001B9E3 /* HYActionSheet.h */,
				9ED5CEDF1E87FF610001B9E3 /* HYActionSheet.m */,
				9ED5CEE01E87FF610001B9E3 /* HYAlertView.h */,
				9ED5CEE11E87FF610001B9E3 /* HYAlertView.m */,
			);
			path = HYAlertSheet;
			sourceTree = "<group>";
		};
		9ED5CEE21E87FF610001B9E3 /* HYLRTextField */ = {
			isa = PBXGroup;
			children = (
				9ED5CEE31E87FF610001B9E3 /* HYLRTextField.h */,
				9ED5CEE41E87FF610001B9E3 /* HYLRTextField.m */,
			);
			path = HYLRTextField;
			sourceTree = "<group>";
		};
		9ED5CEE51E87FF610001B9E3 /* HYPlaceholdTextView */ = {
			isa = PBXGroup;
			children = (
				9ED5CEE61E87FF610001B9E3 /* HYPlaceholdTextView.h */,
				9ED5CEE71E87FF610001B9E3 /* HYPlaceholdTextView.m */,
			);
			path = HYPlaceholdTextView;
			sourceTree = "<group>";
		};
		9ED5CEE81E87FF610001B9E3 /* HYProgressHUD */ = {
			isa = PBXGroup;
			children = (
				9ED5CEE91E87FF610001B9E3 /* HYProgressHUD.h */,
				9ED5CEEA1E87FF610001B9E3 /* HYProgressHUD.m */,
			);
			path = HYProgressHUD;
			sourceTree = "<group>";
		};
		9ED5CEEB1E87FF610001B9E3 /* HYScanningView */ = {
			isa = PBXGroup;
			children = (
				9ED5CEEC1E87FF610001B9E3 /* HYScanningView.h */,
				9ED5CEED1E87FF610001B9E3 /* HYScanningView.m */,
				9ED5CEEE1E87FF610001B9E3 /* UIImage+HYQRCode.h */,
				9ED5CEEF1E87FF610001B9E3 /* UIImage+HYQRCode.m */,
			);
			path = HYScanningView;
			sourceTree = "<group>";
		};
		9ED5CEF11E87FF610001B9E3 /* PhotoPicker */ = {
			isa = PBXGroup;
			children = (
				9ED5CEF21E87FF610001B9E3 /* PHAsset+HYLoadLocalSource.h */,
				9ED5CEF31E87FF610001B9E3 /* PHAsset+HYLoadLocalSource.m */,
			);
			path = PhotoPicker;
			sourceTree = "<group>";
		};
		9ED5CEF81E87FF610001B9E3 /* HYBussinessBase */ = {
			isa = PBXGroup;
			children = (
				9E1F1BC41E894478005774FD /* HYRowDescriber */,
				9ED5CEF91E87FF610001B9E3 /* ViewControllers */,
				9ED5CF061E87FF610001B9E3 /* Views */,
			);
			path = HYBussinessBase;
			sourceTree = "<group>";
		};
		9ED5CEF91E87FF610001B9E3 /* ViewControllers */ = {
			isa = PBXGroup;
			children = (
				9ED5CEFA1E87FF610001B9E3 /* HYBaseVC.h */,
				9ED5CEFB1E87FF610001B9E3 /* HYBaseVC.m */,
				9ED5CF001E87FF610001B9E3 /* HYRefreshVC.h */,
				9ED5CF011E87FF610001B9E3 /* HYRefreshVC.m */,
				9ED5CF041E87FF610001B9E3 /* HYTableBaseVC.h */,
				9ED5CF051E87FF610001B9E3 /* HYTableBaseVC.m */,
				9ED5CEFC1E87FF610001B9E3 /* HYCollectionBaseVC.h */,
				9ED5CEFD1E87FF610001B9E3 /* HYCollectionBaseVC.m */,
				9ED5CEFE1E87FF610001B9E3 /* HYMetadataVC.h */,
				9ED5CEFF1E87FF610001B9E3 /* HYMetadataVC.m */,
				9ED5CF021E87FF610001B9E3 /* HYScanningVC.h */,
				9ED5CF031E87FF610001B9E3 /* HYScanningVC.m */,
				9E1F1BCE1E8951CA005774FD /* HYSearchConditionVC.h */,
				9E1F1BCF1E8951CA005774FD /* HYSearchConditionVC.m */,
			);
			path = ViewControllers;
			sourceTree = "<group>";
		};
		9ED5CF061E87FF610001B9E3 /* Views */ = {
			isa = PBXGroup;
			children = (
				9ED5CF071E87FF610001B9E3 /* HYBusinessBaseCell.h */,
				9ED5CF081E87FF610001B9E3 /* HYBusinessBaseCell.m */,
				9ED5CF091E87FF610001B9E3 /* HYNoDataView.h */,
				9ED5CF0A1E87FF610001B9E3 /* HYNoDataView.m */,
			);
			path = Views;
			sourceTree = "<group>";
		};
		9ED5CF0C1E87FF610001B9E3 /* Util */ = {
			isa = PBXGroup;
			children = (
				9ED5CF0D1E87FF610001B9E3 /* HYSortedDictionary */,
				9ED5CF101E87FF610001B9E3 /* NSDate+HYDateFormatter.h */,
				9ED5CF111E87FF610001B9E3 /* NSDate+HYDateFormatter.m */,
				9ED5CF121E87FF610001B9E3 /* NSDictionary+HYLibrary.h */,
				9ED5CF131E87FF610001B9E3 /* NSDictionary+HYLibrary.m */,
				9ED5CF141E87FF610001B9E3 /* NSObject+StringValue.h */,
				9ED5CF151E87FF610001B9E3 /* NSObject+StringValue.m */,
				9ED5CF161E87FF610001B9E3 /* NSString+Encrypt.h */,
				9ED5CF171E87FF610001B9E3 /* NSString+Encrypt.m */,
				9ED5CF181E87FF610001B9E3 /* UIColor+HYLibrary.h */,
				9ED5CF191E87FF610001B9E3 /* UIColor+HYLibrary.m */,
				9ED5CF1A1E87FF610001B9E3 /* UIDevice+HYLibrary.h */,
				9ED5CF1B1E87FF610001B9E3 /* UIDevice+HYLibrary.m */,
				9ED5CF1C1E87FF610001B9E3 /* UIImage+HYLibrary.h */,
				9ED5CF1D1E87FF610001B9E3 /* UIImage+HYLibrary.m */,
				9ED5CF1E1E87FF610001B9E3 /* UINavigationItem+CustomBackTitleImage.h */,
				9ED5CF1F1E87FF610001B9E3 /* UINavigationItem+CustomBackTitleImage.m */,
			);
			path = Util;
			sourceTree = "<group>";
		};
		9ED5CF0D1E87FF610001B9E3 /* HYSortedDictionary */ = {
			isa = PBXGroup;
			children = (
				9ED5CF0E1E87FF610001B9E3 /* HYSortedMutableDictionary.h */,
				9ED5CF0F1E87FF610001B9E3 /* HYSortedMutableDictionary.m */,
			);
			path = HYSortedDictionary;
			sourceTree = "<group>";
		};
		D17B156FF41F0FE0DB5C4396 /* Frameworks */ = {
			isa = PBXGroup;
			children = (
				6FA52ED51DCDCBF30094D18E /* AdSupport.framework */,
				6FA52ED31DCDCBDF0094D18E /* libxml2.tbd */,
				6FA52ED11DCDCBD00094D18E /* libc++.tbd */,
				6FA52ECF1DCDCBC20094D18E /* libz.tbd */,
				6FA52ECC1DCDCBAD0094D18E /* MobileCoreServices.framework */,
				6FA52ECA1DCDCB760094D18E /* CFNetwork.framework */,
				6FA52EC81DCDCB6A0094D18E /* SystemConfiguration.framework */,
				6FA52EC61DCDCB4F0094D18E /* libiconv.tbd */,
				2CC591D1072A66D9D716D245 /* libPods-HYLibrary.a */,
			);
			name = Frameworks;
			sourceTree = "<group>";
		};
		E88F53521D49B3EA00FA2E1C = {
			isa = PBXGroup;
			children = (
				E88F535D1D49B3EB00FA2E1C /* HYLibrary */,
				E88F535C1D49B3EA00FA2E1C /* Products */,
				9A75B4C325D749B68DC41077 /* Pods */,
				D17B156FF41F0FE0DB5C4396 /* Frameworks */,
			);
			sourceTree = "<group>";
		};
		E88F535C1D49B3EA00FA2E1C /* Products */ = {
			isa = PBXGroup;
			children = (
				E88F535B1D49B3EA00FA2E1C /* HYLibrary.app */,
			);
			name = Products;
			sourceTree = "<group>";
		};
		E88F535D1D49B3EB00FA2E1C /* HYLibrary */ = {
			isa = PBXGroup;
			children = (
				E88F53751D49B3F500FA2E1C /* HYLibrary */,
				E88F53611D49B3EB00FA2E1C /* AppDelegate.h */,
				E88F53621D49B3EB00FA2E1C /* AppDelegate.m */,
				E86908A61D4B00B500E3B32F /* CustomView.h */,
				E86908A71D4B00B500E3B32F /* CustomView.m */,
				E88F53641D49B3EB00FA2E1C /* ViewController.h */,
				E88F53651D49B3EB00FA2E1C /* ViewController.m */,
				E86908A91D4B03B000E3B32F /* SecondViewController.h */,
				E86908AA1D4B03B000E3B32F /* SecondViewController.m */,
				E81DB6391D810E9E004908C4 /* HYCollectionViewStickyLayout.h */,
				E81DB63A1D810E9E004908C4 /* HYCollectionViewStickyLayout.m */,
				E87EA9011D81120F007FEA66 /* TestStickyViewController.h */,
				E87EA9021D81120F007FEA66 /* TestStickyViewController.m */,
				E87EA9071D81571B007FEA66 /* LKCollectionViewFlowLayout.h */,
				E87EA9081D81571B007FEA66 /* LKCollectionViewFlowLayout.m */,
				E88F53671D49B3EB00FA2E1C /* Main.storyboard */,
				E88F536A1D49B3EB00FA2E1C /* Assets.xcassets */,
				E88F536C1D49B3EB00FA2E1C /* LaunchScreen.storyboard */,
				E88F536F1D49B3EB00FA2E1C /* Info.plist */,
				E88F535E1D49B3EB00FA2E1C /* Supporting Files */,
			);
			path = HYLibrary;
			sourceTree = "<group>";
		};
		E88F535E1D49B3EB00FA2E1C /* Supporting Files */ = {
			isa = PBXGroup;
			children = (
				E88F535F1D49B3EB00FA2E1C /* main.m */,
				E88F53DB1D49B4EE00FA2E1C /* PrefixHeader.pch */,
			);
			name = "Supporting Files";
			sourceTree = "<group>";
		};
		E88F53751D49B3F500FA2E1C /* HYLibrary */ = {
			isa = PBXGroup;
			children = (
				9ED5CEB41E87FF610001B9E3 /* Helper */,
				9ED5CED01E87FF610001B9E3 /* HYBaseUI */,
				9ED5CEF81E87FF610001B9E3 /* HYBussinessBase */,
				9ED5CF0B1E87FF610001B9E3 /* HYLibraryMacro.h */,
				9ED5CF0C1E87FF610001B9E3 /* Util */,
			);
			path = HYLibrary;
			sourceTree = "<group>";
		};
/* End PBXGroup section */

/* Begin PBXNativeTarget section */
		E88F535A1D49B3EA00FA2E1C /* HYLibrary */ = {
			isa = PBXNativeTarget;
			buildConfigurationList = E88F53721D49B3EB00FA2E1C /* Build configuration list for PBXNativeTarget "HYLibrary" */;
			buildPhases = (
				FEC4BAED6BB7993312E0EA15 /* Check Pods Manifest.lock */,
				E88F53571D49B3EA00FA2E1C /* Sources */,
				E88F53581D49B3EA00FA2E1C /* Frameworks */,
				E88F53591D49B3EA00FA2E1C /* Resources */,
				FCA0854B4FB9B7ADF1C56DE1 /* Embed Pods Frameworks */,
				F327F65C6D765F6A816087B0 /* Copy Pods Resources */,
			);
			buildRules = (
			);
			dependencies = (
			);
			name = HYLibrary;
			productName = HYLibrary;
			productReference = E88F535B1D49B3EA00FA2E1C /* HYLibrary.app */;
			productType = "com.apple.product-type.application";
		};
/* End PBXNativeTarget section */

/* Begin PBXProject section */
		E88F53531D49B3EA00FA2E1C /* Project object */ = {
			isa = PBXProject;
			attributes = {
				LastUpgradeCheck = 0730;
				ORGANIZATIONNAME = hillyoung;
				TargetAttributes = {
					E88F535A1D49B3EA00FA2E1C = {
						CreatedOnToolsVersion = 7.3;
						DevelopmentTeam = 4PQ8VJJD4Q;
					};
				};
			};
			buildConfigurationList = E88F53561D49B3EA00FA2E1C /* Build configuration list for PBXProject "HYLibrary" */;
			compatibilityVersion = "Xcode 3.2";
			developmentRegion = English;
			hasScannedForEncodings = 0;
			knownRegions = (
				en,
				Base,
			);
			mainGroup = E88F53521D49B3EA00FA2E1C;
			productRefGroup = E88F535C1D49B3EA00FA2E1C /* Products */;
			projectDirPath = "";
			projectRoot = "";
			targets = (
				E88F535A1D49B3EA00FA2E1C /* HYLibrary */,
			);
		};
/* End PBXProject section */

/* Begin PBXResourcesBuildPhase section */
		E88F53591D49B3EA00FA2E1C /* Resources */ = {
			isa = PBXResourcesBuildPhase;
			buildActionMask = 2147483647;
			files = (
				E88F536E1D49B3EB00FA2E1C /* LaunchScreen.storyboard in Resources */,
				E88F536B1D49B3EB00FA2E1C /* Assets.xcassets in Resources */,
				6F7D970E1EE8060500342788 /* config_SangForVPN in Resources */,
				E88F53691D49B3EB00FA2E1C /* Main.storyboard in Resources */,
			);
			runOnlyForDeploymentPostprocessing = 0;
		};
/* End PBXResourcesBuildPhase section */

/* Begin PBXShellScriptBuildPhase section */
		F327F65C6D765F6A816087B0 /* Copy Pods Resources */ = {
			isa = PBXShellScriptBuildPhase;
			buildActionMask = 2147483647;
			files = (
			);
			inputPaths = (
			);
			name = "Copy Pods Resources";
			outputPaths = (
			);
			runOnlyForDeploymentPostprocessing = 0;
			shellPath = /bin/sh;
			shellScript = "\"${SRCROOT}/Pods/Target Support Files/Pods-HYLibrary/Pods-HYLibrary-resources.sh\"\n";
			showEnvVarsInLog = 0;
		};
		FCA0854B4FB9B7ADF1C56DE1 /* Embed Pods Frameworks */ = {
			isa = PBXShellScriptBuildPhase;
			buildActionMask = 2147483647;
			files = (
			);
			inputPaths = (
			);
			name = "Embed Pods Frameworks";
			outputPaths = (
			);
			runOnlyForDeploymentPostprocessing = 0;
			shellPath = /bin/sh;
			shellScript = "\"${SRCROOT}/Pods/Target Support Files/Pods-HYLibrary/Pods-HYLibrary-frameworks.sh\"\n";
			showEnvVarsInLog = 0;
		};
		FEC4BAED6BB7993312E0EA15 /* Check Pods Manifest.lock */ = {
			isa = PBXShellScriptBuildPhase;
			buildActionMask = 2147483647;
			files = (
			);
			inputPaths = (
			);
			name = "Check Pods Manifest.lock";
			outputPaths = (
			);
			runOnlyForDeploymentPostprocessing = 0;
			shellPath = /bin/sh;
			shellScript = "diff \"${PODS_ROOT}/../Podfile.lock\" \"${PODS_ROOT}/Manifest.lock\" > /dev/null\nif [[ $? != 0 ]] ; then\n    cat << EOM\nerror: The sandbox is not in sync with the Podfile.lock. Run 'pod install' or update your CocoaPods installation.\nEOM\n    exit 1\nfi\n";
			showEnvVarsInLog = 0;
		};
/* End PBXShellScriptBuildPhase section */

/* Begin PBXSourcesBuildPhase section */
		E88F53571D49B3EA00FA2E1C /* Sources */ = {
			isa = PBXSourcesBuildPhase;
			buildActionMask = 2147483647;
			files = (
				9ED5CF371E87FF610001B9E3 /* UIViewController+HYLibrary.m in Sources */,
				9ED5CF2A1E87FF610001B9E3 /* BaseInfoMultiCell.m in Sources */,
				9E1F1BCD1E894607005774FD /* HYSectionDescriber.m in Sources */,
				9ED5CF461E87FF610001B9E3 /* UIDevice+HYLibrary.m in Sources */,
				9ED5CF261E87FF610001B9E3 /* HYTongTaiVPNConnecter.m in Sources */,
				9ED5CF211E87FF610001B9E3 /* HYHttpCilent+SafeParams.m in Sources */,
				9ED5CF3A1E87FF610001B9E3 /* HYMetadataVC.m in Sources */,
				E86908A81D4B00B500E3B32F /* CustomView.m in Sources */,
				9ED5CF201E87FF610001B9E3 /* NSLayoutConstraint+EasyAutoLayout.m in Sources */,
				9ED5CF3E1E87FF610001B9E3 /* HYBusinessBaseCell.m in Sources */,
				9E1F1BC71E89448C005774FD /* HYRowDescriber.m in Sources */,
				9E1F1BD01E8951CA005774FD /* HYSearchConditionVC.m in Sources */,
				9ED5CF2F1E87FF610001B9E3 /* HYAlertView.m in Sources */,
				9ED5CF2B1E87FF610001B9E3 /* HYBaseHeaderFooter.m in Sources */,
				9ED5CF2E1E87FF610001B9E3 /* HYActionSheet.m in Sources */,
				9ED5CF3B1E87FF610001B9E3 /* HYRefreshVC.m in Sources */,
				9ED5CF3F1E87FF610001B9E3 /* HYNoDataView.m in Sources */,
				9ED5CF311E87FF610001B9E3 /* HYPlaceholdTextView.m in Sources */,
				9ED5CF481E87FF610001B9E3 /* UINavigationItem+CustomBackTitleImage.m in Sources */,
				E88F53661D49B3EB00FA2E1C /* ViewController.m in Sources */,
				9ED5CF3D1E87FF610001B9E3 /* HYTableBaseVC.m in Sources */,
				9ED5CF341E87FF610001B9E3 /* UIImage+HYQRCode.m in Sources */,
				9ED5CF231E87FF610001B9E3 /* HYSangForVPNConnecter.m in Sources */,
				9ED5CF301E87FF610001B9E3 /* HYLRTextField.m in Sources */,
				E88F53631D49B3EB00FA2E1C /* AppDelegate.m in Sources */,
				9ED5CF2D1E87FF610001B9E3 /* HYBaseInfoCellModel.m in Sources */,
				9ED5CF331E87FF610001B9E3 /* HYScanningView.m in Sources */,
				9ED5CF411E87FF610001B9E3 /* NSDate+HYDateFormatter.m in Sources */,
				9ED5CF241E87FF610001B9E3 /* AuthHelper.m in Sources */,
				E88F53601D49B3EB00FA2E1C /* main.m in Sources */,
				9ED5CF3C1E87FF610001B9E3 /* HYScanningVC.m in Sources */,
				9ED5CF441E87FF610001B9E3 /* NSString+Encrypt.m in Sources */,
				9ED5CF321E87FF610001B9E3 /* HYProgressHUD.m in Sources */,
				9ED5CF431E87FF610001B9E3 /* NSObject+StringValue.m in Sources */,
				E81DB63B1D810E9E004908C4 /* HYCollectionViewStickyLayout.m in Sources */,
				9ED5CF451E87FF610001B9E3 /* UIColor+HYLibrary.m in Sources */,
				9ED5CF351E87FF610001B9E3 /* PHAsset+HYLoadLocalSource.m in Sources */,
				9ED5CF221E87FF610001B9E3 /* HYHttpCilent.m in Sources */,
				9ED5CF381E87FF610001B9E3 /* HYBaseVC.m in Sources */,
				9ED5CF2C1E87FF610001B9E3 /* HYBaseInfoInputCell.m in Sources */,
				9ED5CF401E87FF610001B9E3 /* HYSortedMutableDictionary.m in Sources */,
				9ED5CF361E87FF610001B9E3 /* UIView+EffectAnimation.m in Sources */,
				9ED5CF421E87FF610001B9E3 /* NSDictionary+HYLibrary.m in Sources */,
				E87EA9091D81571B007FEA66 /* LKCollectionViewFlowLayout.m in Sources */,
				9ED5CF391E87FF610001B9E3 /* HYCollectionBaseVC.m in Sources */,
				E87EA9031D81120F007FEA66 /* TestStickyViewController.m in Sources */,
				9ED5CF471E87FF610001B9E3 /* UIImage+HYLibrary.m in Sources */,
				E86908AB1D4B03B000E3B32F /* SecondViewController.m in Sources */,
			);
			runOnlyForDeploymentPostprocessing = 0;
		};
/* End PBXSourcesBuildPhase section */

/* Begin PBXVariantGroup section */
		E88F53671D49B3EB00FA2E1C /* Main.storyboard */ = {
			isa = PBXVariantGroup;
			children = (
				E88F53681D49B3EB00FA2E1C /* Base */,
			);
			name = Main.storyboard;
			sourceTree = "<group>";
		};
		E88F536C1D49B3EB00FA2E1C /* LaunchScreen.storyboard */ = {
			isa = PBXVariantGroup;
			children = (
				E88F536D1D49B3EB00FA2E1C /* Base */,
			);
			name = LaunchScreen.storyboard;
			sourceTree = "<group>";
		};
/* End PBXVariantGroup section */

/* Begin XCBuildConfiguration section */
		E88F53701D49B3EB00FA2E1C /* Debug */ = {
			isa = XCBuildConfiguration;
			buildSettings = {
				ALWAYS_SEARCH_USER_PATHS = NO;
				CLANG_ANALYZER_NONNULL = YES;
				CLANG_CXX_LANGUAGE_STANDARD = "gnu++0x";
				CLANG_CXX_LIBRARY = "libc++";
				CLANG_ENABLE_MODULES = YES;
				CLANG_ENABLE_OBJC_ARC = YES;
				CLANG_WARN_BOOL_CONVERSION = YES;
				CLANG_WARN_CONSTANT_CONVERSION = YES;
				CLANG_WARN_DIRECT_OBJC_ISA_USAGE = YES_ERROR;
				CLANG_WARN_EMPTY_BODY = YES;
				CLANG_WARN_ENUM_CONVERSION = YES;
				CLANG_WARN_INT_CONVERSION = YES;
				CLANG_WARN_OBJC_ROOT_CLASS = YES_ERROR;
				CLANG_WARN_UNREACHABLE_CODE = YES;
				CLANG_WARN__DUPLICATE_METHOD_MATCH = YES;
				"CODE_SIGN_IDENTITY[sdk=iphoneos*]" = "iPhone Developer";
				COPY_PHASE_STRIP = NO;
				DEBUG_INFORMATION_FORMAT = dwarf;
				ENABLE_STRICT_OBJC_MSGSEND = YES;
				ENABLE_TESTABILITY = YES;
				GCC_C_LANGUAGE_STANDARD = gnu99;
				GCC_DYNAMIC_NO_PIC = NO;
				GCC_NO_COMMON_BLOCKS = YES;
				GCC_OPTIMIZATION_LEVEL = 0;
				GCC_PREPROCESSOR_DEFINITIONS = (
					"DEBUG=1",
					"$(inherited)",
				);
				GCC_WARN_64_TO_32_BIT_CONVERSION = YES;
				GCC_WARN_ABOUT_RETURN_TYPE = YES_ERROR;
				GCC_WARN_UNDECLARED_SELECTOR = YES;
				GCC_WARN_UNINITIALIZED_AUTOS = YES_AGGRESSIVE;
				GCC_WARN_UNUSED_FUNCTION = YES;
				GCC_WARN_UNUSED_VARIABLE = YES;
				IPHONEOS_DEPLOYMENT_TARGET = 9.3;
				MTL_ENABLE_DEBUG_INFO = YES;
				ONLY_ACTIVE_ARCH = YES;
				SDKROOT = iphoneos;
			};
			name = Debug;
		};
		E88F53711D49B3EB00FA2E1C /* Release */ = {
			isa = XCBuildConfiguration;
			buildSettings = {
				ALWAYS_SEARCH_USER_PATHS = NO;
				CLANG_ANALYZER_NONNULL = YES;
				CLANG_CXX_LANGUAGE_STANDARD = "gnu++0x";
				CLANG_CXX_LIBRARY = "libc++";
				CLANG_ENABLE_MODULES = YES;
				CLANG_ENABLE_OBJC_ARC = YES;
				CLANG_WARN_BOOL_CONVERSION = YES;
				CLANG_WARN_CONSTANT_CONVERSION = YES;
				CLANG_WARN_DIRECT_OBJC_ISA_USAGE = YES_ERROR;
				CLANG_WARN_EMPTY_BODY = YES;
				CLANG_WARN_ENUM_CONVERSION = YES;
				CLANG_WARN_INT_CONVERSION = YES;
				CLANG_WARN_OBJC_ROOT_CLASS = YES_ERROR;
				CLANG_WARN_UNREACHABLE_CODE = YES;
				CLANG_WARN__DUPLICATE_METHOD_MATCH = YES;
				"CODE_SIGN_IDENTITY[sdk=iphoneos*]" = "iPhone Developer";
				COPY_PHASE_STRIP = NO;
				DEBUG_INFORMATION_FORMAT = "dwarf-with-dsym";
				ENABLE_NS_ASSERTIONS = NO;
				ENABLE_STRICT_OBJC_MSGSEND = YES;
				GCC_C_LANGUAGE_STANDARD = gnu99;
				GCC_NO_COMMON_BLOCKS = YES;
				GCC_WARN_64_TO_32_BIT_CONVERSION = YES;
				GCC_WARN_ABOUT_RETURN_TYPE = YES_ERROR;
				GCC_WARN_UNDECLARED_SELECTOR = YES;
				GCC_WARN_UNINITIALIZED_AUTOS = YES_AGGRESSIVE;
				GCC_WARN_UNUSED_FUNCTION = YES;
				GCC_WARN_UNUSED_VARIABLE = YES;
				IPHONEOS_DEPLOYMENT_TARGET = 9.3;
				MTL_ENABLE_DEBUG_INFO = NO;
				SDKROOT = iphoneos;
				VALIDATE_PRODUCT = YES;
			};
			name = Release;
		};
		E88F53731D49B3EB00FA2E1C /* Debug */ = {
			isa = XCBuildConfiguration;
			baseConfigurationReference = DBE912B8A64E1EF7512736F2 /* Pods-HYLibrary.debug.xcconfig */;
			buildSettings = {
				ASSETCATALOG_COMPILER_APPICON_NAME = AppIcon;
				CODE_SIGN_IDENTITY = "iPhone Developer";
				"CODE_SIGN_IDENTITY[sdk=iphoneos*]" = "iPhone Developer";
				ENABLE_BITCODE = NO;
				ENABLE_STRICT_OBJC_MSGSEND = NO;
				FRAMEWORK_SEARCH_PATHS = (
					"$(inherited)",
					"$(PROJECT_DIR)/HYLibrary/HYLibrary/HYTongTaiVPNConnecter/lib",
					"$(PROJECT_DIR)/HYLibrary/HYLibrary/Helper/HYTongTaiVPNConnecter/lib",
				);
				GCC_PREFIX_HEADER = HYLibrary/PrefixHeader.pch;
				INFOPLIST_FILE = HYLibrary/Info.plist;
				IPHONEOS_DEPLOYMENT_TARGET = 8.0;
				LD_RUNPATH_SEARCH_PATHS = "$(inherited) @executable_path/Frameworks";
				LIBRARY_SEARCH_PATHS = (
					"$(inherited)",
					"$(PROJECT_DIR)/HYLibrary/HYLibrary/HYSangForVPNConnect/lib",
					"$(PROJECT_DIR)/HYLibrary/HYLibrary/HYTongTaiVPNConnecter/lib",
					"$(PROJECT_DIR)/HYLibrary/HYLibrary/Helper/HYSangForVPNConnect/lib",
					"$(PROJECT_DIR)/HYLibrary/HYLibrary/Helper/HYTongTaiVPNConnecter/lib",
				);
				PRODUCT_BUNDLE_IDENTIFIER = com.hillyoung.HYLibrary7339;
				PRODUCT_NAME = "$(TARGET_NAME)";
				PROVISIONING_PROFILE = "";
			};
			name = Debug;
		};
		E88F53741D49B3EB00FA2E1C /* Release */ = {
			isa = XCBuildConfiguration;
			baseConfigurationReference = F25529D557C6AFA6B58DEBC0 /* Pods-HYLibrary.release.xcconfig */;
			buildSettings = {
				ASSETCATALOG_COMPILER_APPICON_NAME = AppIcon;
				CODE_SIGN_IDENTITY = "iPhone Developer";
				"CODE_SIGN_IDENTITY[sdk=iphoneos*]" = "iPhone Developer";
				ENABLE_BITCODE = NO;
				ENABLE_STRICT_OBJC_MSGSEND = NO;
				FRAMEWORK_SEARCH_PATHS = (
					"$(inherited)",
					"$(PROJECT_DIR)/HYLibrary/HYLibrary/HYTongTaiVPNConnecter/lib",
					"$(PROJECT_DIR)/HYLibrary/HYLibrary/Helper/HYTongTaiVPNConnecter/lib",
				);
				GCC_PREFIX_HEADER = HYLibrary/PrefixHeader.pch;
				INFOPLIST_FILE = HYLibrary/Info.plist;
				IPHONEOS_DEPLOYMENT_TARGET = 8.0;
				LD_RUNPATH_SEARCH_PATHS = "$(inherited) @executable_path/Frameworks";
				LIBRARY_SEARCH_PATHS = (
					"$(inherited)",
					"$(PROJECT_DIR)/HYLibrary/HYLibrary/HYSangForVPNConnect/lib",
					"$(PROJECT_DIR)/HYLibrary/HYLibrary/HYTongTaiVPNConnecter/lib",
					"$(PROJECT_DIR)/HYLibrary/HYLibrary/Helper/HYSangForVPNConnect/lib",
					"$(PROJECT_DIR)/HYLibrary/HYLibrary/Helper/HYTongTaiVPNConnecter/lib",
				);
				PRODUCT_BUNDLE_IDENTIFIER = com.hillyoung.HYLibrary7339;
				PRODUCT_NAME = "$(TARGET_NAME)";
				PROVISIONING_PROFILE = "";
			};
			name = Release;
		};
/* End XCBuildConfiguration section */

/* Begin XCConfigurationList section */
		E88F53561D49B3EA00FA2E1C /* Build configuration list for PBXProject "HYLibrary" */ = {
			isa = XCConfigurationList;
			buildConfigurations = (
				E88F53701D49B3EB00FA2E1C /* Debug */,
				E88F53711D49B3EB00FA2E1C /* Release */,
			);
			defaultConfigurationIsVisible = 0;
			defaultConfigurationName = Release;
		};
		E88F53721D49B3EB00FA2E1C /* Build configuration list for PBXNativeTarget "HYLibrary" */ = {
			isa = XCConfigurationList;
			buildConfigurations = (
				E88F53731D49B3EB00FA2E1C /* Debug */,
				E88F53741D49B3EB00FA2E1C /* Release */,
			);
			defaultConfigurationIsVisible = 0;
			defaultConfigurationName = Release;
		};
/* End XCConfigurationList section */
	};
	rootObject = E88F53531D49B3EA00FA2E1C /* Project object */;
}
