// !$*UTF8*$!
{
	archiveVersion = 1;
	classes = {
	};
	objectVersion = 46;
	objects = {

/* Begin PBXBuildFile section */
		E84041761D52100F009E6812 /* HYHttpCilent+SafeParams.m in Sources */ = {isa = PBXBuildFile; fileRef = E84041751D52100F009E6812 /* HYHttpCilent+SafeParams.m */; };
		E82D2E8B1D5F016D0026F308 /* NSObject+StringValue.m in Sources */ = {isa = PBXBuildFile; fileRef = E82D2E8A1D5F016D0026F308 /* NSObject+StringValue.m */; };
		E84041761D52100F009E6812 /* HYHttpCilent+SafeParams.m in Sources */ = {isa = PBXBuildFile; fileRef = E84041751D52100F009E6812 /* HYHttpCilent+SafeParams.m */; };
		E85465021D5472980092CE2A /* NSLayoutConstraint+EasyAutoLayout.m in Sources */ = {isa = PBXBuildFile; fileRef = E85465011D5472980092CE2A /* NSLayoutConstraint+EasyAutoLayout.m */; };
		E85465091D547BAD0092CE2A /* UINavigationItem+CustomBackTitleImage.m in Sources */ = {isa = PBXBuildFile; fileRef = E85465081D547BAD0092CE2A /* UINavigationItem+CustomBackTitleImage.m */; };
		E869089D1D4AFE2700E3B32F /* HYActionSheet.m in Sources */ = {isa = PBXBuildFile; fileRef = E869089A1D4AFE2700E3B32F /* HYActionSheet.m */; };
		E869089E1D4AFE2700E3B32F /* HYAlertView.m in Sources */ = {isa = PBXBuildFile; fileRef = E869089C1D4AFE2700E3B32F /* HYAlertView.m */; };
		E86908A51D4AFF2300E3B32F /* HYProgressHUD.m in Sources */ = {isa = PBXBuildFile; fileRef = E86908A41D4AFF2300E3B32F /* HYProgressHUD.m */; };
		E86908A81D4B00B500E3B32F /* CustomView.m in Sources */ = {isa = PBXBuildFile; fileRef = E86908A71D4B00B500E3B32F /* CustomView.m */; };
		E86908AB1D4B03B000E3B32F /* SecondViewController.m in Sources */ = {isa = PBXBuildFile; fileRef = E86908AA1D4B03B000E3B32F /* SecondViewController.m */; };
		E871E1EE1D4EE569004CD916 /* NSObject+HYLibrary.m in Sources */ = {isa = PBXBuildFile; fileRef = E871E1ED1D4EE569004CD916 /* NSObject+HYLibrary.m */; };
		E88F53601D49B3EB00FA2E1C /* main.m in Sources */ = {isa = PBXBuildFile; fileRef = E88F535F1D49B3EB00FA2E1C /* main.m */; };
		E88F53631D49B3EB00FA2E1C /* AppDelegate.m in Sources */ = {isa = PBXBuildFile; fileRef = E88F53621D49B3EB00FA2E1C /* AppDelegate.m */; };
		E88F53661D49B3EB00FA2E1C /* ViewController.m in Sources */ = {isa = PBXBuildFile; fileRef = E88F53651D49B3EB00FA2E1C /* ViewController.m */; };
		E88F53691D49B3EB00FA2E1C /* Main.storyboard in Resources */ = {isa = PBXBuildFile; fileRef = E88F53671D49B3EB00FA2E1C /* Main.storyboard */; };
		E88F536B1D49B3EB00FA2E1C /* Assets.xcassets in Resources */ = {isa = PBXBuildFile; fileRef = E88F536A1D49B3EB00FA2E1C /* Assets.xcassets */; };
		E88F536E1D49B3EB00FA2E1C /* LaunchScreen.storyboard in Resources */ = {isa = PBXBuildFile; fileRef = E88F536C1D49B3EB00FA2E1C /* LaunchScreen.storyboard */; };
		E88F53C01D49B3F500FA2E1C /* NSString+Encrypt.m in Sources */ = {isa = PBXBuildFile; fileRef = E88F537A1D49B3F500FA2E1C /* NSString+Encrypt.m */; };
		E88F53C11D49B3F500FA2E1C /* UIImage+HYLibrary.m in Sources */ = {isa = PBXBuildFile; fileRef = E88F537C1D49B3F500FA2E1C /* UIImage+HYLibrary.m */; };
		E88F53C21D49B3F500FA2E1C /* UIViewController+HYLibrary.m in Sources */ = {isa = PBXBuildFile; fileRef = E88F537E1D49B3F500FA2E1C /* UIViewController+HYLibrary.m */; };
		E88F53C51D49B3F500FA2E1C /* HYBaseCollectionViewController.m in Sources */ = {isa = PBXBuildFile; fileRef = E88F53871D49B3F500FA2E1C /* HYBaseCollectionViewController.m */; };
		E88F53C61D49B3F500FA2E1C /* HYBaseTableViewController.m in Sources */ = {isa = PBXBuildFile; fileRef = E88F53891D49B3F500FA2E1C /* HYBaseTableViewController.m */; };
		E88F53C71D49B3F500FA2E1C /* HYBaseViewController.m in Sources */ = {isa = PBXBuildFile; fileRef = E88F538B1D49B3F500FA2E1C /* HYBaseViewController.m */; };
		E88F53C81D49B3F500FA2E1C /* HYMetadataViewController.m in Sources */ = {isa = PBXBuildFile; fileRef = E88F538D1D49B3F500FA2E1C /* HYMetadataViewController.m */; };
		E88F53C91D49B3F500FA2E1C /* HYNoDataView.m in Sources */ = {isa = PBXBuildFile; fileRef = E88F538F1D49B3F500FA2E1C /* HYNoDataView.m */; };
		E88F53CA1D49B3F500FA2E1C /* HYRefreshViewController.m in Sources */ = {isa = PBXBuildFile; fileRef = E88F53911D49B3F500FA2E1C /* HYRefreshViewController.m */; };
		E88F53CB1D49B3F500FA2E1C /* HYScanningViewController.m in Sources */ = {isa = PBXBuildFile; fileRef = E88F53931D49B3F500FA2E1C /* HYScanningViewController.m */; };
		E88F53CC1D49B3F500FA2E1C /* HYGlobalCommon.m in Sources */ = {isa = PBXBuildFile; fileRef = E88F53951D49B3F500FA2E1C /* HYGlobalCommon.m */; };
		E88F53CD1D49B3F500FA2E1C /* HYHttpCilent.m in Sources */ = {isa = PBXBuildFile; fileRef = E88F53981D49B3F500FA2E1C /* HYHttpCilent.m */; };
		E88F53CE1D49B3F500FA2E1C /* HYLRTextField.m in Sources */ = {isa = PBXBuildFile; fileRef = E88F539C1D49B3F500FA2E1C /* HYLRTextField.m */; };
		E88F53CF1D49B3F500FA2E1C /* HYScanningView.m in Sources */ = {isa = PBXBuildFile; fileRef = E88F539F1D49B3F500FA2E1C /* HYScanningView.m */; };
		E88F53D01D49B3F500FA2E1C /* UIImage+HYQRCode.m in Sources */ = {isa = PBXBuildFile; fileRef = E88F53A11D49B3F500FA2E1C /* UIImage+HYQRCode.m */; };
		E88F53D11D49B3F500FA2E1C /* HYBaseModel.m in Sources */ = {isa = PBXBuildFile; fileRef = E88F53A41D49B3F500FA2E1C /* HYBaseModel.m */; };
		E88F53D21D49B3F500FA2E1C /* HYNetBaseModel.m in Sources */ = {isa = PBXBuildFile; fileRef = E88F53A71D49B3F500FA2E1C /* HYNetBaseModel.m */; };
		E88F53D31D49B3F500FA2E1C /* PHAsset+HYLoadLocalSource.m in Sources */ = {isa = PBXBuildFile; fileRef = E88F53AA1D49B3F500FA2E1C /* PHAsset+HYLoadLocalSource.m */; };
		E88F53D41D49B3F500FA2E1C /* UIView+EffectAnimation.m in Sources */ = {isa = PBXBuildFile; fileRef = E88F53AD1D49B3F500FA2E1C /* UIView+EffectAnimation.m */; };
		E88F53D51D49B3F500FA2E1C /* BaseInfoItemCell.m in Sources */ = {isa = PBXBuildFile; fileRef = E88F53B11D49B3F500FA2E1C /* BaseInfoItemCell.m */; };
		E88F53D61D49B3F500FA2E1C /* BaseInfoMultiCell.m in Sources */ = {isa = PBXBuildFile; fileRef = E88F53B31D49B3F500FA2E1C /* BaseInfoMultiCell.m */; };
		E88F53D71D49B3F500FA2E1C /* HYBaseHeaderFooter.m in Sources */ = {isa = PBXBuildFile; fileRef = E88F53B51D49B3F500FA2E1C /* HYBaseHeaderFooter.m */; };
		E88F53D81D49B3F500FA2E1C /* HYBaseInfoInputCell.m in Sources */ = {isa = PBXBuildFile; fileRef = E88F53B71D49B3F500FA2E1C /* HYBaseInfoInputCell.m */; };
		E88F53D91D49B3F500FA2E1C /* HYBaseInfoCellModel.m in Sources */ = {isa = PBXBuildFile; fileRef = E88F53BA1D49B3F500FA2E1C /* HYBaseInfoCellModel.m */; };
		E88F53DA1D49B3F500FA2E1C /* HYPlaceholdTextView.m in Sources */ = {isa = PBXBuildFile; fileRef = E88F53BD1D49B3F500FA2E1C /* HYPlaceholdTextView.m */; };
		F64C58066FE02BED814EEE6A /* libPods-HYLibrary.a in Frameworks */ = {isa = PBXBuildFile; fileRef = 2CC591D1072A66D9D716D245 /* libPods-HYLibrary.a */; };
/* End PBXBuildFile section */

/* Begin PBXFileReference section */
		2CC591D1072A66D9D716D245 /* libPods-HYLibrary.a */ = {isa = PBXFileReference; explicitFileType = archive.ar; includeInIndex = 0; path = "libPods-HYLibrary.a"; sourceTree = BUILT_PRODUCTS_DIR; };
		DBE912B8A64E1EF7512736F2 /* Pods-HYLibrary.debug.xcconfig */ = {isa = PBXFileReference; includeInIndex = 1; lastKnownFileType = text.xcconfig; name = "Pods-HYLibrary.debug.xcconfig"; path = "Pods/Target Support Files/Pods-HYLibrary/Pods-HYLibrary.debug.xcconfig"; sourceTree = "<group>"; };
<<<<<<< 6fb6237d38909044c4f3e247ee2a753a50dd3d41
		E84041741D52100F009E6812 /* HYHttpCilent+SafeParams.h */ = {isa = PBXFileReference; fileEncoding = 4; lastKnownFileType = sourcecode.c.h; path = "HYHttpCilent+SafeParams.h"; sourceTree = "<group>"; };
		E84041751D52100F009E6812 /* HYHttpCilent+SafeParams.m */ = {isa = PBXFileReference; fileEncoding = 4; lastKnownFileType = sourcecode.c.objc; path = "HYHttpCilent+SafeParams.m"; sourceTree = "<group>"; };
=======
		E82D2E891D5F016D0026F308 /* NSObject+StringValue.h */ = {isa = PBXFileReference; fileEncoding = 4; lastKnownFileType = sourcecode.c.h; path = "NSObject+StringValue.h"; sourceTree = "<group>"; };
		E82D2E8A1D5F016D0026F308 /* NSObject+StringValue.m */ = {isa = PBXFileReference; fileEncoding = 4; lastKnownFileType = sourcecode.c.objc; path = "NSObject+StringValue.m"; sourceTree = "<group>"; };
		E84041741D52100F009E6812 /* HYHttpCilent+SafeParams.h */ = {isa = PBXFileReference; fileEncoding = 4; lastKnownFileType = sourcecode.c.h; path = "HYHttpCilent+SafeParams.h"; sourceTree = "<group>"; };
		E84041751D52100F009E6812 /* HYHttpCilent+SafeParams.m */ = {isa = PBXFileReference; fileEncoding = 4; lastKnownFileType = sourcecode.c.objc; path = "HYHttpCilent+SafeParams.m"; sourceTree = "<group>"; };
		E85465001D5472980092CE2A /* NSLayoutConstraint+EasyAutoLayout.h */ = {isa = PBXFileReference; fileEncoding = 4; lastKnownFileType = sourcecode.c.h; path = "NSLayoutConstraint+EasyAutoLayout.h"; sourceTree = "<group>"; };
		E85465011D5472980092CE2A /* NSLayoutConstraint+EasyAutoLayout.m */ = {isa = PBXFileReference; fileEncoding = 4; lastKnownFileType = sourcecode.c.objc; path = "NSLayoutConstraint+EasyAutoLayout.m"; sourceTree = "<group>"; };
		E85465071D547BAD0092CE2A /* UINavigationItem+CustomBackTitleImage.h */ = {isa = PBXFileReference; fileEncoding = 4; lastKnownFileType = sourcecode.c.h; path = "UINavigationItem+CustomBackTitleImage.h"; sourceTree = "<group>"; };
		E85465081D547BAD0092CE2A /* UINavigationItem+CustomBackTitleImage.m */ = {isa = PBXFileReference; fileEncoding = 4; lastKnownFileType = sourcecode.c.objc; path = "UINavigationItem+CustomBackTitleImage.m"; sourceTree = "<group>"; };
>>>>>>> 修复httpClient中存在的逻辑bug
		E86908991D4AFE2700E3B32F /* HYActionSheet.h */ = {isa = PBXFileReference; fileEncoding = 4; lastKnownFileType = sourcecode.c.h; path = HYActionSheet.h; sourceTree = "<group>"; };
		E869089A1D4AFE2700E3B32F /* HYActionSheet.m */ = {isa = PBXFileReference; fileEncoding = 4; lastKnownFileType = sourcecode.c.objc; path = HYActionSheet.m; sourceTree = "<group>"; };
		E869089B1D4AFE2700E3B32F /* HYAlertView.h */ = {isa = PBXFileReference; fileEncoding = 4; lastKnownFileType = sourcecode.c.h; path = HYAlertView.h; sourceTree = "<group>"; };
		E869089C1D4AFE2700E3B32F /* HYAlertView.m */ = {isa = PBXFileReference; fileEncoding = 4; lastKnownFileType = sourcecode.c.objc; path = HYAlertView.m; sourceTree = "<group>"; };
		E86908A31D4AFF2300E3B32F /* HYProgressHUD.h */ = {isa = PBXFileReference; fileEncoding = 4; lastKnownFileType = sourcecode.c.h; path = HYProgressHUD.h; sourceTree = "<group>"; };
		E86908A41D4AFF2300E3B32F /* HYProgressHUD.m */ = {isa = PBXFileReference; fileEncoding = 4; lastKnownFileType = sourcecode.c.objc; path = HYProgressHUD.m; sourceTree = "<group>"; };
		E86908A61D4B00B500E3B32F /* CustomView.h */ = {isa = PBXFileReference; fileEncoding = 4; lastKnownFileType = sourcecode.c.h; path = CustomView.h; sourceTree = "<group>"; };
		E86908A71D4B00B500E3B32F /* CustomView.m */ = {isa = PBXFileReference; fileEncoding = 4; lastKnownFileType = sourcecode.c.objc; path = CustomView.m; sourceTree = "<group>"; };
		E86908A91D4B03B000E3B32F /* SecondViewController.h */ = {isa = PBXFileReference; fileEncoding = 4; lastKnownFileType = sourcecode.c.h; path = SecondViewController.h; sourceTree = "<group>"; };
		E86908AA1D4B03B000E3B32F /* SecondViewController.m */ = {isa = PBXFileReference; fileEncoding = 4; lastKnownFileType = sourcecode.c.objc; path = SecondViewController.m; sourceTree = "<group>"; };
		E871E1EC1D4EE569004CD916 /* NSObject+HYLibrary.h */ = {isa = PBXFileReference; fileEncoding = 4; lastKnownFileType = sourcecode.c.h; path = "NSObject+HYLibrary.h"; sourceTree = "<group>"; };
		E871E1ED1D4EE569004CD916 /* NSObject+HYLibrary.m */ = {isa = PBXFileReference; fileEncoding = 4; lastKnownFileType = sourcecode.c.objc; path = "NSObject+HYLibrary.m"; sourceTree = "<group>"; };
		E88F535B1D49B3EA00FA2E1C /* HYLibrary.app */ = {isa = PBXFileReference; explicitFileType = wrapper.application; includeInIndex = 0; path = HYLibrary.app; sourceTree = BUILT_PRODUCTS_DIR; };
		E88F535F1D49B3EB00FA2E1C /* main.m */ = {isa = PBXFileReference; lastKnownFileType = sourcecode.c.objc; path = main.m; sourceTree = "<group>"; };
		E88F53611D49B3EB00FA2E1C /* AppDelegate.h */ = {isa = PBXFileReference; lastKnownFileType = sourcecode.c.h; path = AppDelegate.h; sourceTree = "<group>"; };
		E88F53621D49B3EB00FA2E1C /* AppDelegate.m */ = {isa = PBXFileReference; lastKnownFileType = sourcecode.c.objc; path = AppDelegate.m; sourceTree = "<group>"; };
		E88F53641D49B3EB00FA2E1C /* ViewController.h */ = {isa = PBXFileReference; lastKnownFileType = sourcecode.c.h; path = ViewController.h; sourceTree = "<group>"; };
		E88F53651D49B3EB00FA2E1C /* ViewController.m */ = {isa = PBXFileReference; lastKnownFileType = sourcecode.c.objc; path = ViewController.m; sourceTree = "<group>"; };
		E88F53681D49B3EB00FA2E1C /* Base */ = {isa = PBXFileReference; lastKnownFileType = file.storyboard; name = Base; path = Base.lproj/Main.storyboard; sourceTree = "<group>"; };
		E88F536A1D49B3EB00FA2E1C /* Assets.xcassets */ = {isa = PBXFileReference; lastKnownFileType = folder.assetcatalog; path = Assets.xcassets; sourceTree = "<group>"; };
		E88F536D1D49B3EB00FA2E1C /* Base */ = {isa = PBXFileReference; lastKnownFileType = file.storyboard; name = Base; path = Base.lproj/LaunchScreen.storyboard; sourceTree = "<group>"; };
		E88F536F1D49B3EB00FA2E1C /* Info.plist */ = {isa = PBXFileReference; lastKnownFileType = text.plist.xml; path = Info.plist; sourceTree = "<group>"; };
		E88F53791D49B3F500FA2E1C /* NSString+Encrypt.h */ = {isa = PBXFileReference; fileEncoding = 4; lastKnownFileType = sourcecode.c.h; path = "NSString+Encrypt.h"; sourceTree = "<group>"; };
		E88F537A1D49B3F500FA2E1C /* NSString+Encrypt.m */ = {isa = PBXFileReference; fileEncoding = 4; lastKnownFileType = sourcecode.c.objc; path = "NSString+Encrypt.m"; sourceTree = "<group>"; };
		E88F537B1D49B3F500FA2E1C /* UIImage+HYLibrary.h */ = {isa = PBXFileReference; fileEncoding = 4; lastKnownFileType = sourcecode.c.h; path = "UIImage+HYLibrary.h"; sourceTree = "<group>"; };
		E88F537C1D49B3F500FA2E1C /* UIImage+HYLibrary.m */ = {isa = PBXFileReference; fileEncoding = 4; lastKnownFileType = sourcecode.c.objc; path = "UIImage+HYLibrary.m"; sourceTree = "<group>"; };
		E88F537D1D49B3F500FA2E1C /* UIViewController+HYLibrary.h */ = {isa = PBXFileReference; fileEncoding = 4; lastKnownFileType = sourcecode.c.h; path = "UIViewController+HYLibrary.h"; sourceTree = "<group>"; };
		E88F537E1D49B3F500FA2E1C /* UIViewController+HYLibrary.m */ = {isa = PBXFileReference; fileEncoding = 4; lastKnownFileType = sourcecode.c.objc; path = "UIViewController+HYLibrary.m"; sourceTree = "<group>"; };
		E88F53861D49B3F500FA2E1C /* HYBaseCollectionViewController.h */ = {isa = PBXFileReference; fileEncoding = 4; lastKnownFileType = sourcecode.c.h; path = HYBaseCollectionViewController.h; sourceTree = "<group>"; };
		E88F53871D49B3F500FA2E1C /* HYBaseCollectionViewController.m */ = {isa = PBXFileReference; fileEncoding = 4; lastKnownFileType = sourcecode.c.objc; path = HYBaseCollectionViewController.m; sourceTree = "<group>"; };
		E88F53881D49B3F500FA2E1C /* HYBaseTableViewController.h */ = {isa = PBXFileReference; fileEncoding = 4; lastKnownFileType = sourcecode.c.h; path = HYBaseTableViewController.h; sourceTree = "<group>"; };
		E88F53891D49B3F500FA2E1C /* HYBaseTableViewController.m */ = {isa = PBXFileReference; fileEncoding = 4; lastKnownFileType = sourcecode.c.objc; path = HYBaseTableViewController.m; sourceTree = "<group>"; };
		E88F538A1D49B3F500FA2E1C /* HYBaseViewController.h */ = {isa = PBXFileReference; fileEncoding = 4; lastKnownFileType = sourcecode.c.h; path = HYBaseViewController.h; sourceTree = "<group>"; };
		E88F538B1D49B3F500FA2E1C /* HYBaseViewController.m */ = {isa = PBXFileReference; fileEncoding = 4; lastKnownFileType = sourcecode.c.objc; path = HYBaseViewController.m; sourceTree = "<group>"; };
		E88F538C1D49B3F500FA2E1C /* HYMetadataViewController.h */ = {isa = PBXFileReference; fileEncoding = 4; lastKnownFileType = sourcecode.c.h; path = HYMetadataViewController.h; sourceTree = "<group>"; };
		E88F538D1D49B3F500FA2E1C /* HYMetadataViewController.m */ = {isa = PBXFileReference; fileEncoding = 4; lastKnownFileType = sourcecode.c.objc; path = HYMetadataViewController.m; sourceTree = "<group>"; };
		E88F538E1D49B3F500FA2E1C /* HYNoDataView.h */ = {isa = PBXFileReference; fileEncoding = 4; lastKnownFileType = sourcecode.c.h; path = HYNoDataView.h; sourceTree = "<group>"; };
		E88F538F1D49B3F500FA2E1C /* HYNoDataView.m */ = {isa = PBXFileReference; fileEncoding = 4; lastKnownFileType = sourcecode.c.objc; path = HYNoDataView.m; sourceTree = "<group>"; };
		E88F53901D49B3F500FA2E1C /* HYRefreshViewController.h */ = {isa = PBXFileReference; fileEncoding = 4; lastKnownFileType = sourcecode.c.h; path = HYRefreshViewController.h; sourceTree = "<group>"; };
		E88F53911D49B3F500FA2E1C /* HYRefreshViewController.m */ = {isa = PBXFileReference; fileEncoding = 4; lastKnownFileType = sourcecode.c.objc; path = HYRefreshViewController.m; sourceTree = "<group>"; };
		E88F53921D49B3F500FA2E1C /* HYScanningViewController.h */ = {isa = PBXFileReference; fileEncoding = 4; lastKnownFileType = sourcecode.c.h; path = HYScanningViewController.h; sourceTree = "<group>"; };
		E88F53931D49B3F500FA2E1C /* HYScanningViewController.m */ = {isa = PBXFileReference; fileEncoding = 4; lastKnownFileType = sourcecode.c.objc; path = HYScanningViewController.m; sourceTree = "<group>"; };
		E88F53941D49B3F500FA2E1C /* HYGlobalCommon.h */ = {isa = PBXFileReference; fileEncoding = 4; lastKnownFileType = sourcecode.c.h; path = HYGlobalCommon.h; sourceTree = "<group>"; };
		E88F53951D49B3F500FA2E1C /* HYGlobalCommon.m */ = {isa = PBXFileReference; fileEncoding = 4; lastKnownFileType = sourcecode.c.objc; path = HYGlobalCommon.m; sourceTree = "<group>"; };
		E88F53971D49B3F500FA2E1C /* HYHttpCilent.h */ = {isa = PBXFileReference; fileEncoding = 4; lastKnownFileType = sourcecode.c.h; path = HYHttpCilent.h; sourceTree = "<group>"; };
		E88F53981D49B3F500FA2E1C /* HYHttpCilent.m */ = {isa = PBXFileReference; fileEncoding = 4; lastKnownFileType = sourcecode.c.objc; path = HYHttpCilent.m; sourceTree = "<group>"; };
		E88F53991D49B3F500FA2E1C /* HYLibraryMacro.h */ = {isa = PBXFileReference; fileEncoding = 4; lastKnownFileType = sourcecode.c.h; path = HYLibraryMacro.h; sourceTree = "<group>"; };
		E88F539B1D49B3F500FA2E1C /* HYLRTextField.h */ = {isa = PBXFileReference; fileEncoding = 4; lastKnownFileType = sourcecode.c.h; path = HYLRTextField.h; sourceTree = "<group>"; };
		E88F539C1D49B3F500FA2E1C /* HYLRTextField.m */ = {isa = PBXFileReference; fileEncoding = 4; lastKnownFileType = sourcecode.c.objc; path = HYLRTextField.m; sourceTree = "<group>"; };
		E88F539E1D49B3F500FA2E1C /* HYScanningView.h */ = {isa = PBXFileReference; fileEncoding = 4; lastKnownFileType = sourcecode.c.h; path = HYScanningView.h; sourceTree = "<group>"; };
		E88F539F1D49B3F500FA2E1C /* HYScanningView.m */ = {isa = PBXFileReference; fileEncoding = 4; lastKnownFileType = sourcecode.c.objc; path = HYScanningView.m; sourceTree = "<group>"; };
		E88F53A01D49B3F500FA2E1C /* UIImage+HYQRCode.h */ = {isa = PBXFileReference; fileEncoding = 4; lastKnownFileType = sourcecode.c.h; path = "UIImage+HYQRCode.h"; sourceTree = "<group>"; };
		E88F53A11D49B3F500FA2E1C /* UIImage+HYQRCode.m */ = {isa = PBXFileReference; fileEncoding = 4; lastKnownFileType = sourcecode.c.objc; path = "UIImage+HYQRCode.m"; sourceTree = "<group>"; };
		E88F53A31D49B3F500FA2E1C /* HYBaseModel.h */ = {isa = PBXFileReference; fileEncoding = 4; lastKnownFileType = sourcecode.c.h; path = HYBaseModel.h; sourceTree = "<group>"; };
		E88F53A41D49B3F500FA2E1C /* HYBaseModel.m */ = {isa = PBXFileReference; fileEncoding = 4; lastKnownFileType = sourcecode.c.objc; path = HYBaseModel.m; sourceTree = "<group>"; };
		E88F53A51D49B3F500FA2E1C /* HYModelMacro.h */ = {isa = PBXFileReference; fileEncoding = 4; lastKnownFileType = sourcecode.c.h; path = HYModelMacro.h; sourceTree = "<group>"; };
		E88F53A61D49B3F500FA2E1C /* HYNetBaseModel.h */ = {isa = PBXFileReference; fileEncoding = 4; lastKnownFileType = sourcecode.c.h; path = HYNetBaseModel.h; sourceTree = "<group>"; };
		E88F53A71D49B3F500FA2E1C /* HYNetBaseModel.m */ = {isa = PBXFileReference; fileEncoding = 4; lastKnownFileType = sourcecode.c.objc; path = HYNetBaseModel.m; sourceTree = "<group>"; };
		E88F53A91D49B3F500FA2E1C /* PHAsset+HYLoadLocalSource.h */ = {isa = PBXFileReference; fileEncoding = 4; lastKnownFileType = sourcecode.c.h; path = "PHAsset+HYLoadLocalSource.h"; sourceTree = "<group>"; };
		E88F53AA1D49B3F500FA2E1C /* PHAsset+HYLoadLocalSource.m */ = {isa = PBXFileReference; fileEncoding = 4; lastKnownFileType = sourcecode.c.objc; path = "PHAsset+HYLoadLocalSource.m"; sourceTree = "<group>"; };
		E88F53AC1D49B3F500FA2E1C /* UIView+EffectAnimation.h */ = {isa = PBXFileReference; fileEncoding = 4; lastKnownFileType = sourcecode.c.h; path = "UIView+EffectAnimation.h"; sourceTree = "<group>"; };
		E88F53AD1D49B3F500FA2E1C /* UIView+EffectAnimation.m */ = {isa = PBXFileReference; fileEncoding = 4; lastKnownFileType = sourcecode.c.objc; path = "UIView+EffectAnimation.m"; sourceTree = "<group>"; };
		E88F53B01D49B3F500FA2E1C /* BaseInfoItemCell.h */ = {isa = PBXFileReference; fileEncoding = 4; lastKnownFileType = sourcecode.c.h; path = BaseInfoItemCell.h; sourceTree = "<group>"; };
		E88F53B11D49B3F500FA2E1C /* BaseInfoItemCell.m */ = {isa = PBXFileReference; fileEncoding = 4; lastKnownFileType = sourcecode.c.objc; path = BaseInfoItemCell.m; sourceTree = "<group>"; };
		E88F53B21D49B3F500FA2E1C /* BaseInfoMultiCell.h */ = {isa = PBXFileReference; fileEncoding = 4; lastKnownFileType = sourcecode.c.h; path = BaseInfoMultiCell.h; sourceTree = "<group>"; };
		E88F53B31D49B3F500FA2E1C /* BaseInfoMultiCell.m */ = {isa = PBXFileReference; fileEncoding = 4; lastKnownFileType = sourcecode.c.objc; path = BaseInfoMultiCell.m; sourceTree = "<group>"; };
		E88F53B41D49B3F500FA2E1C /* HYBaseHeaderFooter.h */ = {isa = PBXFileReference; fileEncoding = 4; lastKnownFileType = sourcecode.c.h; path = HYBaseHeaderFooter.h; sourceTree = "<group>"; };
		E88F53B51D49B3F500FA2E1C /* HYBaseHeaderFooter.m */ = {isa = PBXFileReference; fileEncoding = 4; lastKnownFileType = sourcecode.c.objc; path = HYBaseHeaderFooter.m; sourceTree = "<group>"; };
		E88F53B61D49B3F500FA2E1C /* HYBaseInfoInputCell.h */ = {isa = PBXFileReference; fileEncoding = 4; lastKnownFileType = sourcecode.c.h; path = HYBaseInfoInputCell.h; sourceTree = "<group>"; };
		E88F53B71D49B3F500FA2E1C /* HYBaseInfoInputCell.m */ = {isa = PBXFileReference; fileEncoding = 4; lastKnownFileType = sourcecode.c.objc; path = HYBaseInfoInputCell.m; sourceTree = "<group>"; };
		E88F53B91D49B3F500FA2E1C /* HYBaseInfoCellModel.h */ = {isa = PBXFileReference; fileEncoding = 4; lastKnownFileType = sourcecode.c.h; path = HYBaseInfoCellModel.h; sourceTree = "<group>"; };
		E88F53BA1D49B3F500FA2E1C /* HYBaseInfoCellModel.m */ = {isa = PBXFileReference; fileEncoding = 4; lastKnownFileType = sourcecode.c.objc; path = HYBaseInfoCellModel.m; sourceTree = "<group>"; };
		E88F53BC1D49B3F500FA2E1C /* HYPlaceholdTextView.h */ = {isa = PBXFileReference; fileEncoding = 4; lastKnownFileType = sourcecode.c.h; path = HYPlaceholdTextView.h; sourceTree = "<group>"; };
		E88F53BD1D49B3F500FA2E1C /* HYPlaceholdTextView.m */ = {isa = PBXFileReference; fileEncoding = 4; lastKnownFileType = sourcecode.c.objc; path = HYPlaceholdTextView.m; sourceTree = "<group>"; };
		E88F53BE1D49B3F500FA2E1C /* HYViewMacro.h */ = {isa = PBXFileReference; fileEncoding = 4; lastKnownFileType = sourcecode.c.h; path = HYViewMacro.h; sourceTree = "<group>"; };
		E88F53DB1D49B4EE00FA2E1C /* PrefixHeader.pch */ = {isa = PBXFileReference; lastKnownFileType = sourcecode.c.h; path = PrefixHeader.pch; sourceTree = "<group>"; };
		F25529D557C6AFA6B58DEBC0 /* Pods-HYLibrary.release.xcconfig */ = {isa = PBXFileReference; includeInIndex = 1; lastKnownFileType = text.xcconfig; name = "Pods-HYLibrary.release.xcconfig"; path = "Pods/Target Support Files/Pods-HYLibrary/Pods-HYLibrary.release.xcconfig"; sourceTree = "<group>"; };
/* End PBXFileReference section */

/* Begin PBXFrameworksBuildPhase section */
		E88F53581D49B3EA00FA2E1C /* Frameworks */ = {
			isa = PBXFrameworksBuildPhase;
			buildActionMask = 2147483647;
			files = (
				F64C58066FE02BED814EEE6A /* libPods-HYLibrary.a in Frameworks */,
			);
			runOnlyForDeploymentPostprocessing = 0;
		};
/* End PBXFrameworksBuildPhase section */

/* Begin PBXGroup section */
		9A75B4C325D749B68DC41077 /* Pods */ = {
			isa = PBXGroup;
			children = (
				DBE912B8A64E1EF7512736F2 /* Pods-HYLibrary.debug.xcconfig */,
				F25529D557C6AFA6B58DEBC0 /* Pods-HYLibrary.release.xcconfig */,
			);
			name = Pods;
			sourceTree = "<group>";
		};
		D17B156FF41F0FE0DB5C4396 /* Frameworks */ = {
			isa = PBXGroup;
			children = (
				2CC591D1072A66D9D716D245 /* libPods-HYLibrary.a */,
			);
			name = Frameworks;
			sourceTree = "<group>";
		};
		E85464FF1D5472980092CE2A /* AutoLayout */ = {
			isa = PBXGroup;
			children = (
				E85465001D5472980092CE2A /* NSLayoutConstraint+EasyAutoLayout.h */,
				E85465011D5472980092CE2A /* NSLayoutConstraint+EasyAutoLayout.m */,
			);
			path = AutoLayout;
			sourceTree = "<group>";
		};
		E86908981D4AFE2700E3B32F /* HYAlertSheet */ = {
			isa = PBXGroup;
			children = (
				E86908991D4AFE2700E3B32F /* HYActionSheet.h */,
				E869089A1D4AFE2700E3B32F /* HYActionSheet.m */,
				E869089B1D4AFE2700E3B32F /* HYAlertView.h */,
				E869089C1D4AFE2700E3B32F /* HYAlertView.m */,
			);
			path = HYAlertSheet;
			sourceTree = "<group>";
		};
		E86908A21D4AFF1200E3B32F /* HYProgressHUD */ = {
			isa = PBXGroup;
			children = (
				E86908A31D4AFF2300E3B32F /* HYProgressHUD.h */,
				E86908A41D4AFF2300E3B32F /* HYProgressHUD.m */,
			);
			path = HYProgressHUD;
			sourceTree = "<group>";
		};
		E88F53521D49B3EA00FA2E1C = {
			isa = PBXGroup;
			children = (
				E88F535D1D49B3EB00FA2E1C /* HYLibrary */,
				E88F535C1D49B3EA00FA2E1C /* Products */,
				9A75B4C325D749B68DC41077 /* Pods */,
				D17B156FF41F0FE0DB5C4396 /* Frameworks */,
			);
			sourceTree = "<group>";
		};
		E88F535C1D49B3EA00FA2E1C /* Products */ = {
			isa = PBXGroup;
			children = (
				E88F535B1D49B3EA00FA2E1C /* HYLibrary.app */,
			);
			name = Products;
			sourceTree = "<group>";
		};
		E88F535D1D49B3EB00FA2E1C /* HYLibrary */ = {
			isa = PBXGroup;
			children = (
				E88F53751D49B3F500FA2E1C /* HYLibrary */,
				E88F53611D49B3EB00FA2E1C /* AppDelegate.h */,
				E88F53621D49B3EB00FA2E1C /* AppDelegate.m */,
				E86908A61D4B00B500E3B32F /* CustomView.h */,
				E86908A71D4B00B500E3B32F /* CustomView.m */,
				E88F53641D49B3EB00FA2E1C /* ViewController.h */,
				E88F53651D49B3EB00FA2E1C /* ViewController.m */,
				E86908A91D4B03B000E3B32F /* SecondViewController.h */,
				E86908AA1D4B03B000E3B32F /* SecondViewController.m */,
				E88F53671D49B3EB00FA2E1C /* Main.storyboard */,
				E88F536A1D49B3EB00FA2E1C /* Assets.xcassets */,
				E88F536C1D49B3EB00FA2E1C /* LaunchScreen.storyboard */,
				E88F536F1D49B3EB00FA2E1C /* Info.plist */,
				E88F535E1D49B3EB00FA2E1C /* Supporting Files */,
			);
			path = HYLibrary;
			sourceTree = "<group>";
		};
		E88F535E1D49B3EB00FA2E1C /* Supporting Files */ = {
			isa = PBXGroup;
			children = (
				E88F535F1D49B3EB00FA2E1C /* main.m */,
				E88F53DB1D49B4EE00FA2E1C /* PrefixHeader.pch */,
			);
			name = "Supporting Files";
			sourceTree = "<group>";
		};
		E88F53751D49B3F500FA2E1C /* HYLibrary */ = {
			isa = PBXGroup;
			children = (
				E88F53991D49B3F500FA2E1C /* HYLibraryMacro.h */,
				E88F53941D49B3F500FA2E1C /* HYGlobalCommon.h */,
				E88F53951D49B3F500FA2E1C /* HYGlobalCommon.m */,
				E85464FF1D5472980092CE2A /* AutoLayout */,
				E88F53761D49B3F500FA2E1C /* Category */,
				E88F53851D49B3F500FA2E1C /* HYBaseViewController */,
				E88F53961D49B3F500FA2E1C /* HYHttpCilent */,
				E88F539A1D49B3F500FA2E1C /* HYLRTextField */,
				E88F539D1D49B3F500FA2E1C /* HYScanningView */,
				E88F53A21D49B3F500FA2E1C /* Models */,
				E88F53A81D49B3F500FA2E1C /* PhotoPicker */,
				E88F53AB1D49B3F500FA2E1C /* UIView+EffectAnimation */,
				E88F53AE1D49B3F500FA2E1C /* Views */,
			);
			path = HYLibrary;
			sourceTree = "<group>";
		};
		E88F53761D49B3F500FA2E1C /* Category */ = {
			isa = PBXGroup;
			children = (
				E82D2E891D5F016D0026F308 /* NSObject+StringValue.h */,
				E82D2E8A1D5F016D0026F308 /* NSObject+StringValue.m */,
				E85465071D547BAD0092CE2A /* UINavigationItem+CustomBackTitleImage.h */,
				E85465081D547BAD0092CE2A /* UINavigationItem+CustomBackTitleImage.m */,
				E871E1EC1D4EE569004CD916 /* NSObject+HYLibrary.h */,
				E871E1ED1D4EE569004CD916 /* NSObject+HYLibrary.m */,
				E88F53791D49B3F500FA2E1C /* NSString+Encrypt.h */,
				E88F537A1D49B3F500FA2E1C /* NSString+Encrypt.m */,
				E88F537B1D49B3F500FA2E1C /* UIImage+HYLibrary.h */,
				E88F537C1D49B3F500FA2E1C /* UIImage+HYLibrary.m */,
				E88F537D1D49B3F500FA2E1C /* UIViewController+HYLibrary.h */,
				E88F537E1D49B3F500FA2E1C /* UIViewController+HYLibrary.m */,
			);
			path = Category;
			sourceTree = "<group>";
		};
		E88F53851D49B3F500FA2E1C /* HYBaseViewController */ = {
			isa = PBXGroup;
			children = (
				E88F53861D49B3F500FA2E1C /* HYBaseCollectionViewController.h */,
				E88F53871D49B3F500FA2E1C /* HYBaseCollectionViewController.m */,
				E88F53881D49B3F500FA2E1C /* HYBaseTableViewController.h */,
				E88F53891D49B3F500FA2E1C /* HYBaseTableViewController.m */,
				E88F538A1D49B3F500FA2E1C /* HYBaseViewController.h */,
				E88F538B1D49B3F500FA2E1C /* HYBaseViewController.m */,
				E88F538C1D49B3F500FA2E1C /* HYMetadataViewController.h */,
				E88F538D1D49B3F500FA2E1C /* HYMetadataViewController.m */,
				E88F538E1D49B3F500FA2E1C /* HYNoDataView.h */,
				E88F538F1D49B3F500FA2E1C /* HYNoDataView.m */,
				E88F53901D49B3F500FA2E1C /* HYRefreshViewController.h */,
				E88F53911D49B3F500FA2E1C /* HYRefreshViewController.m */,
				E88F53921D49B3F500FA2E1C /* HYScanningViewController.h */,
				E88F53931D49B3F500FA2E1C /* HYScanningViewController.m */,
			);
			path = HYBaseViewController;
			sourceTree = "<group>";
		};
		E88F53961D49B3F500FA2E1C /* HYHttpCilent */ = {
			isa = PBXGroup;
			children = (
				E84041741D52100F009E6812 /* HYHttpCilent+SafeParams.h */,
				E84041751D52100F009E6812 /* HYHttpCilent+SafeParams.m */,
				E88F53971D49B3F500FA2E1C /* HYHttpCilent.h */,
				E88F53981D49B3F500FA2E1C /* HYHttpCilent.m */,
			);
			path = HYHttpCilent;
			sourceTree = "<group>";
		};
		E88F539A1D49B3F500FA2E1C /* HYLRTextField */ = {
			isa = PBXGroup;
			children = (
				E88F539B1D49B3F500FA2E1C /* HYLRTextField.h */,
				E88F539C1D49B3F500FA2E1C /* HYLRTextField.m */,
			);
			path = HYLRTextField;
			sourceTree = "<group>";
		};
		E88F539D1D49B3F500FA2E1C /* HYScanningView */ = {
			isa = PBXGroup;
			children = (
				E88F539E1D49B3F500FA2E1C /* HYScanningView.h */,
				E88F539F1D49B3F500FA2E1C /* HYScanningView.m */,
				E88F53A01D49B3F500FA2E1C /* UIImage+HYQRCode.h */,
				E88F53A11D49B3F500FA2E1C /* UIImage+HYQRCode.m */,
			);
			path = HYScanningView;
			sourceTree = "<group>";
		};
		E88F53A21D49B3F500FA2E1C /* Models */ = {
			isa = PBXGroup;
			children = (
				E88F53A31D49B3F500FA2E1C /* HYBaseModel.h */,
				E88F53A41D49B3F500FA2E1C /* HYBaseModel.m */,
				E88F53A51D49B3F500FA2E1C /* HYModelMacro.h */,
				E88F53A61D49B3F500FA2E1C /* HYNetBaseModel.h */,
				E88F53A71D49B3F500FA2E1C /* HYNetBaseModel.m */,
			);
			path = Models;
			sourceTree = "<group>";
		};
		E88F53A81D49B3F500FA2E1C /* PhotoPicker */ = {
			isa = PBXGroup;
			children = (
				E88F53A91D49B3F500FA2E1C /* PHAsset+HYLoadLocalSource.h */,
				E88F53AA1D49B3F500FA2E1C /* PHAsset+HYLoadLocalSource.m */,
			);
			path = PhotoPicker;
			sourceTree = "<group>";
		};
		E88F53AB1D49B3F500FA2E1C /* UIView+EffectAnimation */ = {
			isa = PBXGroup;
			children = (
				E88F53AC1D49B3F500FA2E1C /* UIView+EffectAnimation.h */,
				E88F53AD1D49B3F500FA2E1C /* UIView+EffectAnimation.m */,
			);
			path = "UIView+EffectAnimation";
			sourceTree = "<group>";
		};
		E88F53AE1D49B3F500FA2E1C /* Views */ = {
			isa = PBXGroup;
			children = (
				E86908A21D4AFF1200E3B32F /* HYProgressHUD */,
				E86908981D4AFE2700E3B32F /* HYAlertSheet */,
				E88F53AF1D49B3F500FA2E1C /* BaseInfoItemCell */,
				E88F53BB1D49B3F500FA2E1C /* HYPlaceholdTextView */,
				E88F53BE1D49B3F500FA2E1C /* HYViewMacro.h */,
			);
			path = Views;
			sourceTree = "<group>";
		};
		E88F53AF1D49B3F500FA2E1C /* BaseInfoItemCell */ = {
			isa = PBXGroup;
			children = (
				E88F53B01D49B3F500FA2E1C /* BaseInfoItemCell.h */,
				E88F53B11D49B3F500FA2E1C /* BaseInfoItemCell.m */,
				E88F53B21D49B3F500FA2E1C /* BaseInfoMultiCell.h */,
				E88F53B31D49B3F500FA2E1C /* BaseInfoMultiCell.m */,
				E88F53B41D49B3F500FA2E1C /* HYBaseHeaderFooter.h */,
				E88F53B51D49B3F500FA2E1C /* HYBaseHeaderFooter.m */,
				E88F53B61D49B3F500FA2E1C /* HYBaseInfoInputCell.h */,
				E88F53B71D49B3F500FA2E1C /* HYBaseInfoInputCell.m */,
				E88F53B81D49B3F500FA2E1C /* Models */,
			);
			path = BaseInfoItemCell;
			sourceTree = "<group>";
		};
		E88F53B81D49B3F500FA2E1C /* Models */ = {
			isa = PBXGroup;
			children = (
				E88F53B91D49B3F500FA2E1C /* HYBaseInfoCellModel.h */,
				E88F53BA1D49B3F500FA2E1C /* HYBaseInfoCellModel.m */,
			);
			path = Models;
			sourceTree = "<group>";
		};
		E88F53BB1D49B3F500FA2E1C /* HYPlaceholdTextView */ = {
			isa = PBXGroup;
			children = (
				E88F53BC1D49B3F500FA2E1C /* HYPlaceholdTextView.h */,
				E88F53BD1D49B3F500FA2E1C /* HYPlaceholdTextView.m */,
			);
			path = HYPlaceholdTextView;
			sourceTree = "<group>";
		};
/* End PBXGroup section */

/* Begin PBXNativeTarget section */
		E88F535A1D49B3EA00FA2E1C /* HYLibrary */ = {
			isa = PBXNativeTarget;
			buildConfigurationList = E88F53721D49B3EB00FA2E1C /* Build configuration list for PBXNativeTarget "HYLibrary" */;
			buildPhases = (
				FEC4BAED6BB7993312E0EA15 /* Check Pods Manifest.lock */,
				E88F53571D49B3EA00FA2E1C /* Sources */,
				E88F53581D49B3EA00FA2E1C /* Frameworks */,
				E88F53591D49B3EA00FA2E1C /* Resources */,
				FCA0854B4FB9B7ADF1C56DE1 /* Embed Pods Frameworks */,
				F327F65C6D765F6A816087B0 /* Copy Pods Resources */,
			);
			buildRules = (
			);
			dependencies = (
			);
			name = HYLibrary;
			productName = HYLibrary;
			productReference = E88F535B1D49B3EA00FA2E1C /* HYLibrary.app */;
			productType = "com.apple.product-type.application";
		};
/* End PBXNativeTarget section */

/* Begin PBXProject section */
		E88F53531D49B3EA00FA2E1C /* Project object */ = {
			isa = PBXProject;
			attributes = {
				LastUpgradeCheck = 0730;
				ORGANIZATIONNAME = hillyoung;
				TargetAttributes = {
					E88F535A1D49B3EA00FA2E1C = {
						CreatedOnToolsVersion = 7.3;
						DevelopmentTeam = 4PQ8VJJD4Q;
					};
				};
			};
			buildConfigurationList = E88F53561D49B3EA00FA2E1C /* Build configuration list for PBXProject "HYLibrary" */;
			compatibilityVersion = "Xcode 3.2";
			developmentRegion = English;
			hasScannedForEncodings = 0;
			knownRegions = (
				en,
				Base,
			);
			mainGroup = E88F53521D49B3EA00FA2E1C;
			productRefGroup = E88F535C1D49B3EA00FA2E1C /* Products */;
			projectDirPath = "";
			projectRoot = "";
			targets = (
				E88F535A1D49B3EA00FA2E1C /* HYLibrary */,
			);
		};
/* End PBXProject section */

/* Begin PBXResourcesBuildPhase section */
		E88F53591D49B3EA00FA2E1C /* Resources */ = {
			isa = PBXResourcesBuildPhase;
			buildActionMask = 2147483647;
			files = (
				E88F536E1D49B3EB00FA2E1C /* LaunchScreen.storyboard in Resources */,
				E88F536B1D49B3EB00FA2E1C /* Assets.xcassets in Resources */,
				E88F53691D49B3EB00FA2E1C /* Main.storyboard in Resources */,
			);
			runOnlyForDeploymentPostprocessing = 0;
		};
/* End PBXResourcesBuildPhase section */

/* Begin PBXShellScriptBuildPhase section */
		F327F65C6D765F6A816087B0 /* Copy Pods Resources */ = {
			isa = PBXShellScriptBuildPhase;
			buildActionMask = 2147483647;
			files = (
			);
			inputPaths = (
			);
			name = "Copy Pods Resources";
			outputPaths = (
			);
			runOnlyForDeploymentPostprocessing = 0;
			shellPath = /bin/sh;
			shellScript = "\"${SRCROOT}/Pods/Target Support Files/Pods-HYLibrary/Pods-HYLibrary-resources.sh\"\n";
			showEnvVarsInLog = 0;
		};
		FCA0854B4FB9B7ADF1C56DE1 /* Embed Pods Frameworks */ = {
			isa = PBXShellScriptBuildPhase;
			buildActionMask = 2147483647;
			files = (
			);
			inputPaths = (
			);
			name = "Embed Pods Frameworks";
			outputPaths = (
			);
			runOnlyForDeploymentPostprocessing = 0;
			shellPath = /bin/sh;
			shellScript = "\"${SRCROOT}/Pods/Target Support Files/Pods-HYLibrary/Pods-HYLibrary-frameworks.sh\"\n";
			showEnvVarsInLog = 0;
		};
		FEC4BAED6BB7993312E0EA15 /* Check Pods Manifest.lock */ = {
			isa = PBXShellScriptBuildPhase;
			buildActionMask = 2147483647;
			files = (
			);
			inputPaths = (
			);
			name = "Check Pods Manifest.lock";
			outputPaths = (
			);
			runOnlyForDeploymentPostprocessing = 0;
			shellPath = /bin/sh;
			shellScript = "diff \"${PODS_ROOT}/../Podfile.lock\" \"${PODS_ROOT}/Manifest.lock\" > /dev/null\nif [[ $? != 0 ]] ; then\n    cat << EOM\nerror: The sandbox is not in sync with the Podfile.lock. Run 'pod install' or update your CocoaPods installation.\nEOM\n    exit 1\nfi\n";
			showEnvVarsInLog = 0;
		};
/* End PBXShellScriptBuildPhase section */

/* Begin PBXSourcesBuildPhase section */
		E88F53571D49B3EA00FA2E1C /* Sources */ = {
			isa = PBXSourcesBuildPhase;
			buildActionMask = 2147483647;
			files = (
				E84041761D52100F009E6812 /* HYHttpCilent+SafeParams.m in Sources */,
				E88F53CA1D49B3F500FA2E1C /* HYRefreshViewController.m in Sources */,
				E86908A51D4AFF2300E3B32F /* HYProgressHUD.m in Sources */,
				E871E1EE1D4EE569004CD916 /* NSObject+HYLibrary.m in Sources */,
				E86908A81D4B00B500E3B32F /* CustomView.m in Sources */,
				E88F53C71D49B3F500FA2E1C /* HYBaseViewController.m in Sources */,
				E88F53D81D49B3F500FA2E1C /* HYBaseInfoInputCell.m in Sources */,
				E88F53661D49B3EB00FA2E1C /* ViewController.m in Sources */,
				E88F53C91D49B3F500FA2E1C /* HYNoDataView.m in Sources */,
				E88F53CF1D49B3F500FA2E1C /* HYScanningView.m in Sources */,
				E85465021D5472980092CE2A /* NSLayoutConstraint+EasyAutoLayout.m in Sources */,
				E88F53D61D49B3F500FA2E1C /* BaseInfoMultiCell.m in Sources */,
				E88F53631D49B3EB00FA2E1C /* AppDelegate.m in Sources */,
				E88F53D41D49B3F500FA2E1C /* UIView+EffectAnimation.m in Sources */,
				E88F53D31D49B3F500FA2E1C /* PHAsset+HYLoadLocalSource.m in Sources */,
				E88F53C51D49B3F500FA2E1C /* HYBaseCollectionViewController.m in Sources */,
				E88F53CB1D49B3F500FA2E1C /* HYScanningViewController.m in Sources */,
				E88F53CC1D49B3F500FA2E1C /* HYGlobalCommon.m in Sources */,
				E88F53C21D49B3F500FA2E1C /* UIViewController+HYLibrary.m in Sources */,
				E88F53C61D49B3F500FA2E1C /* HYBaseTableViewController.m in Sources */,
				E88F53C01D49B3F500FA2E1C /* NSString+Encrypt.m in Sources */,
				E88F53C11D49B3F500FA2E1C /* UIImage+HYLibrary.m in Sources */,
				E88F53601D49B3EB00FA2E1C /* main.m in Sources */,
				E88F53D11D49B3F500FA2E1C /* HYBaseModel.m in Sources */,
				E85465091D547BAD0092CE2A /* UINavigationItem+CustomBackTitleImage.m in Sources */,
				E88F53D21D49B3F500FA2E1C /* HYNetBaseModel.m in Sources */,
				E82D2E8B1D5F016D0026F308 /* NSObject+StringValue.m in Sources */,
				E88F53D51D49B3F500FA2E1C /* BaseInfoItemCell.m in Sources */,
				E869089E1D4AFE2700E3B32F /* HYAlertView.m in Sources */,
				E88F53D71D49B3F500FA2E1C /* HYBaseHeaderFooter.m in Sources */,
				E88F53CE1D49B3F500FA2E1C /* HYLRTextField.m in Sources */,
				E88F53C81D49B3F500FA2E1C /* HYMetadataViewController.m in Sources */,
				E86908AB1D4B03B000E3B32F /* SecondViewController.m in Sources */,
				E88F53D91D49B3F500FA2E1C /* HYBaseInfoCellModel.m in Sources */,
				E869089D1D4AFE2700E3B32F /* HYActionSheet.m in Sources */,
				E88F53D01D49B3F500FA2E1C /* UIImage+HYQRCode.m in Sources */,
				E88F53CD1D49B3F500FA2E1C /* HYHttpCilent.m in Sources */,
				E88F53DA1D49B3F500FA2E1C /* HYPlaceholdTextView.m in Sources */,
			);
			runOnlyForDeploymentPostprocessing = 0;
		};
/* End PBXSourcesBuildPhase section */

/* Begin PBXVariantGroup section */
		E88F53671D49B3EB00FA2E1C /* Main.storyboard */ = {
			isa = PBXVariantGroup;
			children = (
				E88F53681D49B3EB00FA2E1C /* Base */,
			);
			name = Main.storyboard;
			sourceTree = "<group>";
		};
		E88F536C1D49B3EB00FA2E1C /* LaunchScreen.storyboard */ = {
			isa = PBXVariantGroup;
			children = (
				E88F536D1D49B3EB00FA2E1C /* Base */,
			);
			name = LaunchScreen.storyboard;
			sourceTree = "<group>";
		};
/* End PBXVariantGroup section */

/* Begin XCBuildConfiguration section */
		E88F53701D49B3EB00FA2E1C /* Debug */ = {
			isa = XCBuildConfiguration;
			buildSettings = {
				ALWAYS_SEARCH_USER_PATHS = NO;
				CLANG_ANALYZER_NONNULL = YES;
				CLANG_CXX_LANGUAGE_STANDARD = "gnu++0x";
				CLANG_CXX_LIBRARY = "libc++";
				CLANG_ENABLE_MODULES = YES;
				CLANG_ENABLE_OBJC_ARC = YES;
				CLANG_WARN_BOOL_CONVERSION = YES;
				CLANG_WARN_CONSTANT_CONVERSION = YES;
				CLANG_WARN_DIRECT_OBJC_ISA_USAGE = YES_ERROR;
				CLANG_WARN_EMPTY_BODY = YES;
				CLANG_WARN_ENUM_CONVERSION = YES;
				CLANG_WARN_INT_CONVERSION = YES;
				CLANG_WARN_OBJC_ROOT_CLASS = YES_ERROR;
				CLANG_WARN_UNREACHABLE_CODE = YES;
				CLANG_WARN__DUPLICATE_METHOD_MATCH = YES;
				"CODE_SIGN_IDENTITY[sdk=iphoneos*]" = "iPhone Developer";
				COPY_PHASE_STRIP = NO;
				DEBUG_INFORMATION_FORMAT = dwarf;
				ENABLE_STRICT_OBJC_MSGSEND = YES;
				ENABLE_TESTABILITY = YES;
				GCC_C_LANGUAGE_STANDARD = gnu99;
				GCC_DYNAMIC_NO_PIC = NO;
				GCC_NO_COMMON_BLOCKS = YES;
				GCC_OPTIMIZATION_LEVEL = 0;
				GCC_PREPROCESSOR_DEFINITIONS = (
					"DEBUG=1",
					"$(inherited)",
				);
				GCC_WARN_64_TO_32_BIT_CONVERSION = YES;
				GCC_WARN_ABOUT_RETURN_TYPE = YES_ERROR;
				GCC_WARN_UNDECLARED_SELECTOR = YES;
				GCC_WARN_UNINITIALIZED_AUTOS = YES_AGGRESSIVE;
				GCC_WARN_UNUSED_FUNCTION = YES;
				GCC_WARN_UNUSED_VARIABLE = YES;
				IPHONEOS_DEPLOYMENT_TARGET = 9.3;
				MTL_ENABLE_DEBUG_INFO = YES;
				ONLY_ACTIVE_ARCH = YES;
				SDKROOT = iphoneos;
			};
			name = Debug;
		};
		E88F53711D49B3EB00FA2E1C /* Release */ = {
			isa = XCBuildConfiguration;
			buildSettings = {
				ALWAYS_SEARCH_USER_PATHS = NO;
				CLANG_ANALYZER_NONNULL = YES;
				CLANG_CXX_LANGUAGE_STANDARD = "gnu++0x";
				CLANG_CXX_LIBRARY = "libc++";
				CLANG_ENABLE_MODULES = YES;
				CLANG_ENABLE_OBJC_ARC = YES;
				CLANG_WARN_BOOL_CONVERSION = YES;
				CLANG_WARN_CONSTANT_CONVERSION = YES;
				CLANG_WARN_DIRECT_OBJC_ISA_USAGE = YES_ERROR;
				CLANG_WARN_EMPTY_BODY = YES;
				CLANG_WARN_ENUM_CONVERSION = YES;
				CLANG_WARN_INT_CONVERSION = YES;
				CLANG_WARN_OBJC_ROOT_CLASS = YES_ERROR;
				CLANG_WARN_UNREACHABLE_CODE = YES;
				CLANG_WARN__DUPLICATE_METHOD_MATCH = YES;
				"CODE_SIGN_IDENTITY[sdk=iphoneos*]" = "iPhone Developer";
				COPY_PHASE_STRIP = NO;
				DEBUG_INFORMATION_FORMAT = "dwarf-with-dsym";
				ENABLE_NS_ASSERTIONS = NO;
				ENABLE_STRICT_OBJC_MSGSEND = YES;
				GCC_C_LANGUAGE_STANDARD = gnu99;
				GCC_NO_COMMON_BLOCKS = YES;
				GCC_WARN_64_TO_32_BIT_CONVERSION = YES;
				GCC_WARN_ABOUT_RETURN_TYPE = YES_ERROR;
				GCC_WARN_UNDECLARED_SELECTOR = YES;
				GCC_WARN_UNINITIALIZED_AUTOS = YES_AGGRESSIVE;
				GCC_WARN_UNUSED_FUNCTION = YES;
				GCC_WARN_UNUSED_VARIABLE = YES;
				IPHONEOS_DEPLOYMENT_TARGET = 9.3;
				MTL_ENABLE_DEBUG_INFO = NO;
				SDKROOT = iphoneos;
				VALIDATE_PRODUCT = YES;
			};
			name = Release;
		};
		E88F53731D49B3EB00FA2E1C /* Debug */ = {
			isa = XCBuildConfiguration;
			baseConfigurationReference = DBE912B8A64E1EF7512736F2 /* Pods-HYLibrary.debug.xcconfig */;
			buildSettings = {
				ASSETCATALOG_COMPILER_APPICON_NAME = AppIcon;
				CODE_SIGN_IDENTITY = "iPhone Developer";
				"CODE_SIGN_IDENTITY[sdk=iphoneos*]" = "iPhone Developer";
				GCC_PREFIX_HEADER = HYLibrary/PrefixHeader.pch;
				INFOPLIST_FILE = HYLibrary/Info.plist;
				LD_RUNPATH_SEARCH_PATHS = "$(inherited) @executable_path/Frameworks";
				PRODUCT_BUNDLE_IDENTIFIER = com.hillyoung.HYLibrary1;
				PRODUCT_NAME = "$(TARGET_NAME)";
				PROVISIONING_PROFILE = "";
			};
			name = Debug;
		};
		E88F53741D49B3EB00FA2E1C /* Release */ = {
			isa = XCBuildConfiguration;
			baseConfigurationReference = F25529D557C6AFA6B58DEBC0 /* Pods-HYLibrary.release.xcconfig */;
			buildSettings = {
				ASSETCATALOG_COMPILER_APPICON_NAME = AppIcon;
				CODE_SIGN_IDENTITY = "iPhone Developer";
				"CODE_SIGN_IDENTITY[sdk=iphoneos*]" = "iPhone Developer";
				GCC_PREFIX_HEADER = HYLibrary/PrefixHeader.pch;
				INFOPLIST_FILE = HYLibrary/Info.plist;
				LD_RUNPATH_SEARCH_PATHS = "$(inherited) @executable_path/Frameworks";
				PRODUCT_BUNDLE_IDENTIFIER = com.hillyoung.HYLibrary1;
				PRODUCT_NAME = "$(TARGET_NAME)";
				PROVISIONING_PROFILE = "";
			};
			name = Release;
		};
/* End XCBuildConfiguration section */

/* Begin XCConfigurationList section */
		E88F53561D49B3EA00FA2E1C /* Build configuration list for PBXProject "HYLibrary" */ = {
			isa = XCConfigurationList;
			buildConfigurations = (
				E88F53701D49B3EB00FA2E1C /* Debug */,
				E88F53711D49B3EB00FA2E1C /* Release */,
			);
			defaultConfigurationIsVisible = 0;
			defaultConfigurationName = Release;
		};
		E88F53721D49B3EB00FA2E1C /* Build configuration list for PBXNativeTarget "HYLibrary" */ = {
			isa = XCConfigurationList;
			buildConfigurations = (
				E88F53731D49B3EB00FA2E1C /* Debug */,
				E88F53741D49B3EB00FA2E1C /* Release */,
			);
			defaultConfigurationIsVisible = 0;
			defaultConfigurationName = Release;
		};
/* End XCConfigurationList section */
	};
	rootObject = E88F53531D49B3EA00FA2E1C /* Project object */;
}
